// !$*UTF8*$!
{
	archiveVersion = 1;
	classes = {
	};
	objectVersion = 56;
	objects = {

/* Begin PBXBuildFile section */
		1709DAD22A16AB5A009180C0 /* TabItem.swift in Sources */ = {isa = PBXBuildFile; fileRef = 1709DAD12A16AB5A009180C0 /* TabItem.swift */; };
		1709DAD42A179B36009180C0 /* TabBarViewModel.swift in Sources */ = {isa = PBXBuildFile; fileRef = 1709DAD32A179B36009180C0 /* TabBarViewModel.swift */; };
		1709DAD62A179C0C009180C0 /* TabBarButton.swift in Sources */ = {isa = PBXBuildFile; fileRef = 1709DAD52A179C0C009180C0 /* TabBarButton.swift */; };
		1709DAD82A179C5F009180C0 /* TabBarShape.swift in Sources */ = {isa = PBXBuildFile; fileRef = 1709DAD72A179C5F009180C0 /* TabBarShape.swift */; };
		1709DADE2A18A40F009180C0 /* HomeCoordinator.swift in Sources */ = {isa = PBXBuildFile; fileRef = 1709DADD2A18A40F009180C0 /* HomeCoordinator.swift */; };
		1709DAE02A18A419009180C0 /* OffersCoordinator.swift in Sources */ = {isa = PBXBuildFile; fileRef = 1709DADF2A18A419009180C0 /* OffersCoordinator.swift */; };
		1709DAE32A18A42B009180C0 /* ContractsCoordinator.swift in Sources */ = {isa = PBXBuildFile; fileRef = 1709DAE22A18A42B009180C0 /* ContractsCoordinator.swift */; };
		1709DAE62A18A43C009180C0 /* MenuCoordinator.swift in Sources */ = {isa = PBXBuildFile; fileRef = 1709DAE52A18A43C009180C0 /* MenuCoordinator.swift */; };
		1709DAE82A18A452009180C0 /* HomeCoordinator+Factory.swift in Sources */ = {isa = PBXBuildFile; fileRef = 1709DAE72A18A452009180C0 /* HomeCoordinator+Factory.swift */; };
		1709DAEA2A18A45B009180C0 /* OffersCoordinator+Factory.swift in Sources */ = {isa = PBXBuildFile; fileRef = 1709DAE92A18A45B009180C0 /* OffersCoordinator+Factory.swift */; };
		1709DAEC2A18A466009180C0 /* ContractsCoordinator+Factory.swift in Sources */ = {isa = PBXBuildFile; fileRef = 1709DAEB2A18A466009180C0 /* ContractsCoordinator+Factory.swift */; };
		1709DAEE2A18A472009180C0 /* MenuCoordinator+Factory.swift in Sources */ = {isa = PBXBuildFile; fileRef = 1709DAED2A18A472009180C0 /* MenuCoordinator+Factory.swift */; };
		1709DAF12A18A489009180C0 /* HomeView.swift in Sources */ = {isa = PBXBuildFile; fileRef = 1709DAF02A18A489009180C0 /* HomeView.swift */; };
		1709DAF42A18A4AE009180C0 /* OffersView.swift in Sources */ = {isa = PBXBuildFile; fileRef = 1709DAF32A18A4AE009180C0 /* OffersView.swift */; };
		1709DAF72A18A4D2009180C0 /* ContractsView.swift in Sources */ = {isa = PBXBuildFile; fileRef = 1709DAF62A18A4D2009180C0 /* ContractsView.swift */; };
		1709DAFA2A18A4EB009180C0 /* MenuView.swift in Sources */ = {isa = PBXBuildFile; fileRef = 1709DAF92A18A4EB009180C0 /* MenuView.swift */; };
		1709DAFC2A18EC13009180C0 /* MenuViewModel.swift in Sources */ = {isa = PBXBuildFile; fileRef = 1709DAFB2A18EC13009180C0 /* MenuViewModel.swift */; };
		171AFE9129E407FE00FBFC05 /* App.swift in Sources */ = {isa = PBXBuildFile; fileRef = 171AFE9029E407FE00FBFC05 /* App.swift */; };
		171AFE9529E4080000FBFC05 /* Assets.xcassets in Resources */ = {isa = PBXBuildFile; fileRef = 171AFE9429E4080000FBFC05 /* Assets.xcassets */; };
		171AFE9829E4080000FBFC05 /* Preview Assets.xcassets in Resources */ = {isa = PBXBuildFile; fileRef = 171AFE9729E4080000FBFC05 /* Preview Assets.xcassets */; };
		171AFEA229E4080000FBFC05 /* PVCWindowsGeneratorTests.swift in Sources */ = {isa = PBXBuildFile; fileRef = 171AFEA129E4080000FBFC05 /* PVCWindowsGeneratorTests.swift */; };
		171AFEAC29E4080000FBFC05 /* PVCWindowsGeneratorUITests.swift in Sources */ = {isa = PBXBuildFile; fileRef = 171AFEAB29E4080000FBFC05 /* PVCWindowsGeneratorUITests.swift */; };
		171AFEAE29E4080000FBFC05 /* PVCWindowsGeneratorUITestsLaunchTests.swift in Sources */ = {isa = PBXBuildFile; fileRef = 171AFEAD29E4080000FBFC05 /* PVCWindowsGeneratorUITestsLaunchTests.swift */; };
		171AFEC329E5310200FBFC05 /* projecthelper.swift in Sources */ = {isa = PBXBuildFile; fileRef = 171AFEC229E5310200FBFC05 /* projecthelper.swift */; };
		171AFEDA29E5391700FBFC05 /* Localizable.strings in Resources */ = {isa = PBXBuildFile; fileRef = 171AFEDC29E5391700FBFC05 /* Localizable.strings */; };
		171AFEFB29E5394400FBFC05 /* UIKitStringBundleInitable.swift in Sources */ = {isa = PBXBuildFile; fileRef = 171AFEDF29E5394400FBFC05 /* UIKitStringBundleInitable.swift */; };
		171AFEFC29E5394400FBFC05 /* UIKitStringRepresentableInitable.swift in Sources */ = {isa = PBXBuildFile; fileRef = 171AFEE029E5394400FBFC05 /* UIKitStringRepresentableInitable.swift */; };
		171AFEFD29E5394400FBFC05 /* LocalizableStringKey.swift in Sources */ = {isa = PBXBuildFile; fileRef = 171AFEE129E5394400FBFC05 /* LocalizableStringKey.swift */; };
		171AFEFE29E5394400FBFC05 /* StringRepresentableInitable.swift in Sources */ = {isa = PBXBuildFile; fileRef = 171AFEE229E5394400FBFC05 /* StringRepresentableInitable.swift */; };
		171AFEFF29E5394400FBFC05 /* SwiftUIStringRepresentableInitable.swift in Sources */ = {isa = PBXBuildFile; fileRef = 171AFEE429E5394400FBFC05 /* SwiftUIStringRepresentableInitable.swift */; };
		171AFF0029E5394400FBFC05 /* SwiftUIStringBundleInitable.swift in Sources */ = {isa = PBXBuildFile; fileRef = 171AFEE529E5394400FBFC05 /* SwiftUIStringBundleInitable.swift */; };
		171AFF0129E5394400FBFC05 /* FontSize.swift in Sources */ = {isa = PBXBuildFile; fileRef = 171AFEE729E5394400FBFC05 /* FontSize.swift */; };
		171AFF0229E5394400FBFC05 /* LocalizableStringKeys.swift in Sources */ = {isa = PBXBuildFile; fileRef = 171AFEE829E5394400FBFC05 /* LocalizableStringKeys.swift */; };
		171AFF0329E5394400FBFC05 /* AssetName.swift in Sources */ = {isa = PBXBuildFile; fileRef = 171AFEE929E5394400FBFC05 /* AssetName.swift */; };
		171AFF0429E5394400FBFC05 /* FontType.swift in Sources */ = {isa = PBXBuildFile; fileRef = 171AFEEA29E5394400FBFC05 /* FontType.swift */; };
		171AFF0529E5394400FBFC05 /* ColorName.swift in Sources */ = {isa = PBXBuildFile; fileRef = 171AFEEB29E5394400FBFC05 /* ColorName.swift */; };
		171AFF0629E5394400FBFC05 /* UIKit+UIFont-Functions.swift in Sources */ = {isa = PBXBuildFile; fileRef = 171AFEEF29E5394400FBFC05 /* UIKit+UIFont-Functions.swift */; };
		171AFF0729E5394400FBFC05 /* UIKit+UIFont-Vars.swift in Sources */ = {isa = PBXBuildFile; fileRef = 171AFEF029E5394400FBFC05 /* UIKit+UIFont-Vars.swift */; };
		171AFF0829E5394400FBFC05 /* UIImage+Assets.swift in Sources */ = {isa = PBXBuildFile; fileRef = 171AFEF129E5394400FBFC05 /* UIImage+Assets.swift */; };
		171AFF0929E5394400FBFC05 /* UIColor+Colors.swift in Sources */ = {isa = PBXBuildFile; fileRef = 171AFEF229E5394400FBFC05 /* UIColor+Colors.swift */; };
		171AFF0A29E5394400FBFC05 /* String+LocalizableStringKeys.swift in Sources */ = {isa = PBXBuildFile; fileRef = 171AFEF429E5394400FBFC05 /* String+LocalizableStringKeys.swift */; };
		171AFF0B29E5394400FBFC05 /* SwiftUI+Font-Functions.swift in Sources */ = {isa = PBXBuildFile; fileRef = 171AFEF729E5394400FBFC05 /* SwiftUI+Font-Functions.swift */; };
		171AFF0C29E5394400FBFC05 /* SwiftUI+Font-Vars.swift in Sources */ = {isa = PBXBuildFile; fileRef = 171AFEF829E5394400FBFC05 /* SwiftUI+Font-Vars.swift */; };
		171AFF0D29E5394400FBFC05 /* Color+Colors.swift in Sources */ = {isa = PBXBuildFile; fileRef = 171AFEF929E5394400FBFC05 /* Color+Colors.swift */; };
		171AFF0E29E5394400FBFC05 /* Image+Assets.swift in Sources */ = {isa = PBXBuildFile; fileRef = 171AFEFA29E5394400FBFC05 /* Image+Assets.swift */; };
		171AFF1D29E539D800FBFC05 /* Rubik-BlackItalic.ttf in Resources */ = {isa = PBXBuildFile; fileRef = 171AFF0F29E539D800FBFC05 /* Rubik-BlackItalic.ttf */; };
		171AFF1E29E539D800FBFC05 /* Rubik-BoldItalic.ttf in Resources */ = {isa = PBXBuildFile; fileRef = 171AFF1029E539D800FBFC05 /* Rubik-BoldItalic.ttf */; };
		171AFF1F29E539D800FBFC05 /* Rubik-Bold.ttf in Resources */ = {isa = PBXBuildFile; fileRef = 171AFF1129E539D800FBFC05 /* Rubik-Bold.ttf */; };
		171AFF2029E539D800FBFC05 /* Rubik-Italic.ttf in Resources */ = {isa = PBXBuildFile; fileRef = 171AFF1229E539D800FBFC05 /* Rubik-Italic.ttf */; };
		171AFF2129E539D800FBFC05 /* Rubik-Light.ttf in Resources */ = {isa = PBXBuildFile; fileRef = 171AFF1329E539D800FBFC05 /* Rubik-Light.ttf */; };
		171AFF2229E539D800FBFC05 /* Rubik-ExtraBold.ttf in Resources */ = {isa = PBXBuildFile; fileRef = 171AFF1429E539D800FBFC05 /* Rubik-ExtraBold.ttf */; };
		171AFF2329E539D800FBFC05 /* Rubik-ExtraBoldItalic.ttf in Resources */ = {isa = PBXBuildFile; fileRef = 171AFF1529E539D800FBFC05 /* Rubik-ExtraBoldItalic.ttf */; };
		171AFF2429E539D800FBFC05 /* Rubik-MediumItalic.ttf in Resources */ = {isa = PBXBuildFile; fileRef = 171AFF1629E539D800FBFC05 /* Rubik-MediumItalic.ttf */; };
		171AFF2529E539D800FBFC05 /* Rubik-LightItalic.ttf in Resources */ = {isa = PBXBuildFile; fileRef = 171AFF1729E539D800FBFC05 /* Rubik-LightItalic.ttf */; };
		171AFF2629E539D800FBFC05 /* Rubik-SemiBoldItalic.ttf in Resources */ = {isa = PBXBuildFile; fileRef = 171AFF1829E539D800FBFC05 /* Rubik-SemiBoldItalic.ttf */; };
		171AFF2729E539D800FBFC05 /* Rubik-Black.ttf in Resources */ = {isa = PBXBuildFile; fileRef = 171AFF1929E539D800FBFC05 /* Rubik-Black.ttf */; };
		171AFF2829E539D800FBFC05 /* Rubik-Regular.ttf in Resources */ = {isa = PBXBuildFile; fileRef = 171AFF1A29E539D800FBFC05 /* Rubik-Regular.ttf */; };
		171AFF2929E539D800FBFC05 /* Rubik-Medium.ttf in Resources */ = {isa = PBXBuildFile; fileRef = 171AFF1B29E539D800FBFC05 /* Rubik-Medium.ttf */; };
		171AFF2A29E539D800FBFC05 /* Rubik-SemiBold.ttf in Resources */ = {isa = PBXBuildFile; fileRef = 171AFF1C29E539D800FBFC05 /* Rubik-SemiBold.ttf */; };
		171AFF2F29E544BF00FBFC05 /* LoginView.swift in Sources */ = {isa = PBXBuildFile; fileRef = 171AFF2E29E544BF00FBFC05 /* LoginView.swift */; };
		171AFF3129E544CA00FBFC05 /* LoginViewModel.swift in Sources */ = {isa = PBXBuildFile; fileRef = 171AFF3029E544CA00FBFC05 /* LoginViewModel.swift */; };
		171AFF3429E5450800FBFC05 /* DependencyContainer.swift in Sources */ = {isa = PBXBuildFile; fileRef = 171AFF3329E5450800FBFC05 /* DependencyContainer.swift */; };
		171AFF3729E5454000FBFC05 /* NetworkService.swift in Sources */ = {isa = PBXBuildFile; fileRef = 171AFF3629E5454000FBFC05 /* NetworkService.swift */; };
		171AFF3929E5456500FBFC05 /* StorageService.swift in Sources */ = {isa = PBXBuildFile; fileRef = 171AFF3829E5456500FBFC05 /* StorageService.swift */; };
		171AFF3D29E546E700FBFC05 /* GoogleService-Info.plist in Resources */ = {isa = PBXBuildFile; fileRef = 171AFF3C29E546E700FBFC05 /* GoogleService-Info.plist */; };
		171AFF4029E547F700FBFC05 /* FirebaseAnalyticsSwift in Frameworks */ = {isa = PBXBuildFile; productRef = 171AFF3F29E547F700FBFC05 /* FirebaseAnalyticsSwift */; };
		171AFF4229E547F700FBFC05 /* FirebaseAuth in Frameworks */ = {isa = PBXBuildFile; productRef = 171AFF4129E547F700FBFC05 /* FirebaseAuth */; };
		171AFF4429E547F700FBFC05 /* FirebaseCrashlytics in Frameworks */ = {isa = PBXBuildFile; productRef = 171AFF4329E547F700FBFC05 /* FirebaseCrashlytics */; };
		171AFF4629E547F700FBFC05 /* FirebaseDatabaseSwift in Frameworks */ = {isa = PBXBuildFile; productRef = 171AFF4529E547F700FBFC05 /* FirebaseDatabaseSwift */; };
		176C21242A00DF4300CF7216 /* PlaceholderTextfield.swift in Sources */ = {isa = PBXBuildFile; fileRef = 176C21232A00DF4300CF7216 /* PlaceholderTextfield.swift */; };
		176C21262A02452400CF7216 /* String+Extensions.swift in Sources */ = {isa = PBXBuildFile; fileRef = 176C21252A02452400CF7216 /* String+Extensions.swift */; };
		176C21292A0247B600CF7216 /* ToastDisplayView.swift in Sources */ = {isa = PBXBuildFile; fileRef = 176C21282A0247B600CF7216 /* ToastDisplayView.swift */; };
		176C212B2A02483A00CF7216 /* Transition+Extensions.swift in Sources */ = {isa = PBXBuildFile; fileRef = 176C212A2A02483A00CF7216 /* Transition+Extensions.swift */; };
		176C212D2A02497200CF7216 /* LocalError.swift in Sources */ = {isa = PBXBuildFile; fileRef = 176C212C2A02497200CF7216 /* LocalError.swift */; };
		176C21332A0381AE00CF7216 /* SignupView.swift in Sources */ = {isa = PBXBuildFile; fileRef = 176C21322A0381AE00CF7216 /* SignupView.swift */; };
		176C21352A0381C500CF7216 /* SignupViewModel.swift in Sources */ = {isa = PBXBuildFile; fileRef = 176C21342A0381C500CF7216 /* SignupViewModel.swift */; };
		17A04EE02A164BAE00DA0386 /* AppViewModel.swift in Sources */ = {isa = PBXBuildFile; fileRef = 17A04EDF2A164BAE00DA0386 /* AppViewModel.swift */; };
		17A04EE32A164E7B00DA0386 /* AnimatableTabBarView.swift in Sources */ = {isa = PBXBuildFile; fileRef = 17A04EE22A164E7B00DA0386 /* AnimatableTabBarView.swift */; };
		17A04EE62A164EC300DA0386 /* MainCoordinator.swift in Sources */ = {isa = PBXBuildFile; fileRef = 17A04EE52A164EC300DA0386 /* MainCoordinator.swift */; };
		17A04EE82A164ECE00DA0386 /* MainCoordinator+Factory.swift in Sources */ = {isa = PBXBuildFile; fileRef = 17A04EE72A164ECE00DA0386 /* MainCoordinator+Factory.swift */; };
		17A04EEB2A1651C500DA0386 /* TabBarView.swift in Sources */ = {isa = PBXBuildFile; fileRef = 17A04EEA2A1651C500DA0386 /* TabBarView.swift */; };
		17D0C5D629E5752D00E6CE0A /* AppDelegate.swift in Sources */ = {isa = PBXBuildFile; fileRef = 17D0C5D529E5752D00E6CE0A /* AppDelegate.swift */; };
		17D0C5D929E575CA00E6CE0A /* AuthenticationService.swift in Sources */ = {isa = PBXBuildFile; fileRef = 17D0C5D829E575CA00E6CE0A /* AuthenticationService.swift */; };
		17D0C5DB29E5774200E6CE0A /* User.swift in Sources */ = {isa = PBXBuildFile; fileRef = 17D0C5DA29E5774200E6CE0A /* User.swift */; };
		17D0C5DE29E591CA00E6CE0A /* EmailCheckView.swift in Sources */ = {isa = PBXBuildFile; fileRef = 17D0C5DD29E591CA00E6CE0A /* EmailCheckView.swift */; };
		17D0C5E029E591D400E6CE0A /* EmailCheckViewModel.swift in Sources */ = {isa = PBXBuildFile; fileRef = 17D0C5DF29E591D400E6CE0A /* EmailCheckViewModel.swift */; };
		17D0C5E529E599B300E6CE0A /* LaunchScreenView.swift in Sources */ = {isa = PBXBuildFile; fileRef = 17D0C5E429E599B300E6CE0A /* LaunchScreenView.swift */; };
		17D0C5E829E684AB00E6CE0A /* LoadingView.swift in Sources */ = {isa = PBXBuildFile; fileRef = 17D0C5E729E684AB00E6CE0A /* LoadingView.swift */; };
		17D0C61129E82C8D00E6CE0A /* ButtonStyles.swift in Sources */ = {isa = PBXBuildFile; fileRef = 17D0C61029E82C8D00E6CE0A /* ButtonStyles.swift */; };
		17D0C61329E82CE100E6CE0A /* View+Extensions.swift in Sources */ = {isa = PBXBuildFile; fileRef = 17D0C61229E82CE100E6CE0A /* View+Extensions.swift */; };
		17D0C61529E82D0500E6CE0A /* Shape+Utils.swift in Sources */ = {isa = PBXBuildFile; fileRef = 17D0C61429E82D0500E6CE0A /* Shape+Utils.swift */; };
		17D0C61729E82E0100E6CE0A /* UIKit+Utils.swift in Sources */ = {isa = PBXBuildFile; fileRef = 17D0C61629E82E0100E6CE0A /* UIKit+Utils.swift */; };
		17D0C61929E82ED300E6CE0A /* Publishers+Extensions.swift in Sources */ = {isa = PBXBuildFile; fileRef = 17D0C61829E82ED300E6CE0A /* Publishers+Extensions.swift */; };
		17D0C61B29E82F9F00E6CE0A /* Buttons.swift in Sources */ = {isa = PBXBuildFile; fileRef = 17D0C61A29E82F9F00E6CE0A /* Buttons.swift */; };
		17D0C61D29E82FAE00E6CE0A /* BorderedButton.swift in Sources */ = {isa = PBXBuildFile; fileRef = 17D0C61C29E82FAE00E6CE0A /* BorderedButton.swift */; };
		17D0C62029E8302000E6CE0A /* ActivityIndicator.swift in Sources */ = {isa = PBXBuildFile; fileRef = 17D0C61F29E8302000E6CE0A /* ActivityIndicator.swift */; };
		17D0C62229E8306F00E6CE0A /* FilledButton.swift in Sources */ = {isa = PBXBuildFile; fileRef = 17D0C62129E8306F00E6CE0A /* FilledButton.swift */; };
		17D0C62429E8310600E6CE0A /* TextButton.swift in Sources */ = {isa = PBXBuildFile; fileRef = 17D0C62329E8310600E6CE0A /* TextButton.swift */; };
		17D0C62629E8318800E6CE0A /* VerticalImageTextButton.swift in Sources */ = {isa = PBXBuildFile; fileRef = 17D0C62529E8318800E6CE0A /* VerticalImageTextButton.swift */; };
		17D0C62829E892C700E6CE0A /* Image+Modifiers.swift in Sources */ = {isa = PBXBuildFile; fileRef = 17D0C62729E892C700E6CE0A /* Image+Modifiers.swift */; };
		17D0C62A29E892F000E6CE0A /* BackButton.swift in Sources */ = {isa = PBXBuildFile; fileRef = 17D0C62929E892F000E6CE0A /* BackButton.swift */; };
		17D0C62D29E8960000E6CE0A /* NavigationBar.swift in Sources */ = {isa = PBXBuildFile; fileRef = 17D0C62C29E8960000E6CE0A /* NavigationBar.swift */; };
		17D0C62F29EA63C800E6CE0A /* NavigationBar+Extensions.swift in Sources */ = {isa = PBXBuildFile; fileRef = 17D0C62E29EA63C800E6CE0A /* NavigationBar+Extensions.swift */; };
		17D0C63929EAC0B800E6CE0A /* AuthCoordinator.swift in Sources */ = {isa = PBXBuildFile; fileRef = 17D0C63829EAC0B800E6CE0A /* AuthCoordinator.swift */; };
		17D0C63E29EB38CF00E6CE0A /* Stinsen in Frameworks */ = {isa = PBXBuildFile; productRef = 17D0C63D29EB38CF00E6CE0A /* Stinsen */; };
		17D0C64029EDD74300E6CE0A /* AuthCoordinator+Factory.swift in Sources */ = {isa = PBXBuildFile; fileRef = 17D0C63F29EDD74300E6CE0A /* AuthCoordinator+Factory.swift */; };
		17D0C64229EDDD9000E6CE0A /* Environment+Custom.swift in Sources */ = {isa = PBXBuildFile; fileRef = 17D0C64129EDDD9000E6CE0A /* Environment+Custom.swift */; };
/* End PBXBuildFile section */

/* Begin PBXContainerItemProxy section */
		171AFE9E29E4080000FBFC05 /* PBXContainerItemProxy */ = {
			isa = PBXContainerItemProxy;
			containerPortal = 171AFE8529E407FE00FBFC05 /* Project object */;
			proxyType = 1;
			remoteGlobalIDString = 171AFE8C29E407FE00FBFC05;
			remoteInfo = PVCWindowsGenerator;
		};
		171AFEA829E4080000FBFC05 /* PBXContainerItemProxy */ = {
			isa = PBXContainerItemProxy;
			containerPortal = 171AFE8529E407FE00FBFC05 /* Project object */;
			proxyType = 1;
			remoteGlobalIDString = 171AFE8C29E407FE00FBFC05;
			remoteInfo = PVCWindowsGenerator;
		};
/* End PBXContainerItemProxy section */

/* Begin PBXFileReference section */
		1709DAD12A16AB5A009180C0 /* TabItem.swift */ = {isa = PBXFileReference; lastKnownFileType = sourcecode.swift; path = TabItem.swift; sourceTree = "<group>"; };
		1709DAD32A179B36009180C0 /* TabBarViewModel.swift */ = {isa = PBXFileReference; lastKnownFileType = sourcecode.swift; path = TabBarViewModel.swift; sourceTree = "<group>"; };
		1709DAD52A179C0C009180C0 /* TabBarButton.swift */ = {isa = PBXFileReference; lastKnownFileType = sourcecode.swift; path = TabBarButton.swift; sourceTree = "<group>"; };
		1709DAD72A179C5F009180C0 /* TabBarShape.swift */ = {isa = PBXFileReference; lastKnownFileType = sourcecode.swift; path = TabBarShape.swift; sourceTree = "<group>"; };
		1709DADD2A18A40F009180C0 /* HomeCoordinator.swift */ = {isa = PBXFileReference; lastKnownFileType = sourcecode.swift; path = HomeCoordinator.swift; sourceTree = "<group>"; };
		1709DADF2A18A419009180C0 /* OffersCoordinator.swift */ = {isa = PBXFileReference; lastKnownFileType = sourcecode.swift; path = OffersCoordinator.swift; sourceTree = "<group>"; };
		1709DAE22A18A42B009180C0 /* ContractsCoordinator.swift */ = {isa = PBXFileReference; lastKnownFileType = sourcecode.swift; path = ContractsCoordinator.swift; sourceTree = "<group>"; };
		1709DAE52A18A43C009180C0 /* MenuCoordinator.swift */ = {isa = PBXFileReference; lastKnownFileType = sourcecode.swift; path = MenuCoordinator.swift; sourceTree = "<group>"; };
		1709DAE72A18A452009180C0 /* HomeCoordinator+Factory.swift */ = {isa = PBXFileReference; lastKnownFileType = sourcecode.swift; path = "HomeCoordinator+Factory.swift"; sourceTree = "<group>"; };
		1709DAE92A18A45B009180C0 /* OffersCoordinator+Factory.swift */ = {isa = PBXFileReference; lastKnownFileType = sourcecode.swift; path = "OffersCoordinator+Factory.swift"; sourceTree = "<group>"; };
		1709DAEB2A18A466009180C0 /* ContractsCoordinator+Factory.swift */ = {isa = PBXFileReference; lastKnownFileType = sourcecode.swift; path = "ContractsCoordinator+Factory.swift"; sourceTree = "<group>"; };
		1709DAED2A18A472009180C0 /* MenuCoordinator+Factory.swift */ = {isa = PBXFileReference; lastKnownFileType = sourcecode.swift; path = "MenuCoordinator+Factory.swift"; sourceTree = "<group>"; };
		1709DAF02A18A489009180C0 /* HomeView.swift */ = {isa = PBXFileReference; lastKnownFileType = sourcecode.swift; path = HomeView.swift; sourceTree = "<group>"; };
		1709DAF32A18A4AE009180C0 /* OffersView.swift */ = {isa = PBXFileReference; lastKnownFileType = sourcecode.swift; path = OffersView.swift; sourceTree = "<group>"; };
		1709DAF62A18A4D2009180C0 /* ContractsView.swift */ = {isa = PBXFileReference; lastKnownFileType = sourcecode.swift; path = ContractsView.swift; sourceTree = "<group>"; };
		1709DAF92A18A4EB009180C0 /* MenuView.swift */ = {isa = PBXFileReference; lastKnownFileType = sourcecode.swift; path = MenuView.swift; sourceTree = "<group>"; };
		1709DAFB2A18EC13009180C0 /* MenuViewModel.swift */ = {isa = PBXFileReference; lastKnownFileType = sourcecode.swift; path = MenuViewModel.swift; sourceTree = "<group>"; };
		171AFE8D29E407FE00FBFC05 /* PVCWindowsGenerator.app */ = {isa = PBXFileReference; explicitFileType = wrapper.application; includeInIndex = 0; path = PVCWindowsGenerator.app; sourceTree = BUILT_PRODUCTS_DIR; };
		171AFE9029E407FE00FBFC05 /* App.swift */ = {isa = PBXFileReference; lastKnownFileType = sourcecode.swift; path = App.swift; sourceTree = "<group>"; };
		171AFE9429E4080000FBFC05 /* Assets.xcassets */ = {isa = PBXFileReference; lastKnownFileType = folder.assetcatalog; path = Assets.xcassets; sourceTree = "<group>"; };
		171AFE9729E4080000FBFC05 /* Preview Assets.xcassets */ = {isa = PBXFileReference; lastKnownFileType = folder.assetcatalog; path = "Preview Assets.xcassets"; sourceTree = "<group>"; };
		171AFE9D29E4080000FBFC05 /* PVCWindowsGeneratorTests.xctest */ = {isa = PBXFileReference; explicitFileType = wrapper.cfbundle; includeInIndex = 0; path = PVCWindowsGeneratorTests.xctest; sourceTree = BUILT_PRODUCTS_DIR; };
		171AFEA129E4080000FBFC05 /* PVCWindowsGeneratorTests.swift */ = {isa = PBXFileReference; lastKnownFileType = sourcecode.swift; path = PVCWindowsGeneratorTests.swift; sourceTree = "<group>"; };
		171AFEA729E4080000FBFC05 /* PVCWindowsGeneratorUITests.xctest */ = {isa = PBXFileReference; explicitFileType = wrapper.cfbundle; includeInIndex = 0; path = PVCWindowsGeneratorUITests.xctest; sourceTree = BUILT_PRODUCTS_DIR; };
		171AFEAB29E4080000FBFC05 /* PVCWindowsGeneratorUITests.swift */ = {isa = PBXFileReference; lastKnownFileType = sourcecode.swift; path = PVCWindowsGeneratorUITests.swift; sourceTree = "<group>"; };
		171AFEAD29E4080000FBFC05 /* PVCWindowsGeneratorUITestsLaunchTests.swift */ = {isa = PBXFileReference; lastKnownFileType = sourcecode.swift; path = PVCWindowsGeneratorUITestsLaunchTests.swift; sourceTree = "<group>"; };
		171AFEC229E5310200FBFC05 /* projecthelper.swift */ = {isa = PBXFileReference; lastKnownFileType = sourcecode.swift; path = projecthelper.swift; sourceTree = "<group>"; };
		171AFEDB29E5391700FBFC05 /* en */ = {isa = PBXFileReference; lastKnownFileType = text.plist.strings; name = en; path = en.lproj/Localizable.strings; sourceTree = "<group>"; };
		171AFEDF29E5394400FBFC05 /* UIKitStringBundleInitable.swift */ = {isa = PBXFileReference; fileEncoding = 4; lastKnownFileType = sourcecode.swift; path = UIKitStringBundleInitable.swift; sourceTree = "<group>"; };
		171AFEE029E5394400FBFC05 /* UIKitStringRepresentableInitable.swift */ = {isa = PBXFileReference; fileEncoding = 4; lastKnownFileType = sourcecode.swift; path = UIKitStringRepresentableInitable.swift; sourceTree = "<group>"; };
		171AFEE129E5394400FBFC05 /* LocalizableStringKey.swift */ = {isa = PBXFileReference; fileEncoding = 4; lastKnownFileType = sourcecode.swift; path = LocalizableStringKey.swift; sourceTree = "<group>"; };
		171AFEE229E5394400FBFC05 /* StringRepresentableInitable.swift */ = {isa = PBXFileReference; fileEncoding = 4; lastKnownFileType = sourcecode.swift; path = StringRepresentableInitable.swift; sourceTree = "<group>"; };
		171AFEE429E5394400FBFC05 /* SwiftUIStringRepresentableInitable.swift */ = {isa = PBXFileReference; fileEncoding = 4; lastKnownFileType = sourcecode.swift; path = SwiftUIStringRepresentableInitable.swift; sourceTree = "<group>"; };
		171AFEE529E5394400FBFC05 /* SwiftUIStringBundleInitable.swift */ = {isa = PBXFileReference; fileEncoding = 4; lastKnownFileType = sourcecode.swift; path = SwiftUIStringBundleInitable.swift; sourceTree = "<group>"; };
		171AFEE729E5394400FBFC05 /* FontSize.swift */ = {isa = PBXFileReference; fileEncoding = 4; lastKnownFileType = sourcecode.swift; path = FontSize.swift; sourceTree = "<group>"; };
		171AFEE829E5394400FBFC05 /* LocalizableStringKeys.swift */ = {isa = PBXFileReference; fileEncoding = 4; lastKnownFileType = sourcecode.swift; path = LocalizableStringKeys.swift; sourceTree = "<group>"; };
		171AFEE929E5394400FBFC05 /* AssetName.swift */ = {isa = PBXFileReference; fileEncoding = 4; lastKnownFileType = sourcecode.swift; path = AssetName.swift; sourceTree = "<group>"; };
		171AFEEA29E5394400FBFC05 /* FontType.swift */ = {isa = PBXFileReference; fileEncoding = 4; lastKnownFileType = sourcecode.swift; path = FontType.swift; sourceTree = "<group>"; };
		171AFEEB29E5394400FBFC05 /* ColorName.swift */ = {isa = PBXFileReference; fileEncoding = 4; lastKnownFileType = sourcecode.swift; path = ColorName.swift; sourceTree = "<group>"; };
		171AFEEF29E5394400FBFC05 /* UIKit+UIFont-Functions.swift */ = {isa = PBXFileReference; fileEncoding = 4; lastKnownFileType = sourcecode.swift; path = "UIKit+UIFont-Functions.swift"; sourceTree = "<group>"; };
		171AFEF029E5394400FBFC05 /* UIKit+UIFont-Vars.swift */ = {isa = PBXFileReference; fileEncoding = 4; lastKnownFileType = sourcecode.swift; path = "UIKit+UIFont-Vars.swift"; sourceTree = "<group>"; };
		171AFEF129E5394400FBFC05 /* UIImage+Assets.swift */ = {isa = PBXFileReference; fileEncoding = 4; lastKnownFileType = sourcecode.swift; path = "UIImage+Assets.swift"; sourceTree = "<group>"; };
		171AFEF229E5394400FBFC05 /* UIColor+Colors.swift */ = {isa = PBXFileReference; fileEncoding = 4; lastKnownFileType = sourcecode.swift; path = "UIColor+Colors.swift"; sourceTree = "<group>"; };
		171AFEF429E5394400FBFC05 /* String+LocalizableStringKeys.swift */ = {isa = PBXFileReference; fileEncoding = 4; lastKnownFileType = sourcecode.swift; path = "String+LocalizableStringKeys.swift"; sourceTree = "<group>"; };
		171AFEF729E5394400FBFC05 /* SwiftUI+Font-Functions.swift */ = {isa = PBXFileReference; fileEncoding = 4; lastKnownFileType = sourcecode.swift; path = "SwiftUI+Font-Functions.swift"; sourceTree = "<group>"; };
		171AFEF829E5394400FBFC05 /* SwiftUI+Font-Vars.swift */ = {isa = PBXFileReference; fileEncoding = 4; lastKnownFileType = sourcecode.swift; path = "SwiftUI+Font-Vars.swift"; sourceTree = "<group>"; };
		171AFEF929E5394400FBFC05 /* Color+Colors.swift */ = {isa = PBXFileReference; fileEncoding = 4; lastKnownFileType = sourcecode.swift; path = "Color+Colors.swift"; sourceTree = "<group>"; };
		171AFEFA29E5394400FBFC05 /* Image+Assets.swift */ = {isa = PBXFileReference; fileEncoding = 4; lastKnownFileType = sourcecode.swift; path = "Image+Assets.swift"; sourceTree = "<group>"; };
		171AFF0F29E539D800FBFC05 /* Rubik-BlackItalic.ttf */ = {isa = PBXFileReference; lastKnownFileType = file; path = "Rubik-BlackItalic.ttf"; sourceTree = "<group>"; };
		171AFF1029E539D800FBFC05 /* Rubik-BoldItalic.ttf */ = {isa = PBXFileReference; lastKnownFileType = file; path = "Rubik-BoldItalic.ttf"; sourceTree = "<group>"; };
		171AFF1129E539D800FBFC05 /* Rubik-Bold.ttf */ = {isa = PBXFileReference; lastKnownFileType = file; path = "Rubik-Bold.ttf"; sourceTree = "<group>"; };
		171AFF1229E539D800FBFC05 /* Rubik-Italic.ttf */ = {isa = PBXFileReference; lastKnownFileType = file; path = "Rubik-Italic.ttf"; sourceTree = "<group>"; };
		171AFF1329E539D800FBFC05 /* Rubik-Light.ttf */ = {isa = PBXFileReference; lastKnownFileType = file; path = "Rubik-Light.ttf"; sourceTree = "<group>"; };
		171AFF1429E539D800FBFC05 /* Rubik-ExtraBold.ttf */ = {isa = PBXFileReference; lastKnownFileType = file; path = "Rubik-ExtraBold.ttf"; sourceTree = "<group>"; };
		171AFF1529E539D800FBFC05 /* Rubik-ExtraBoldItalic.ttf */ = {isa = PBXFileReference; lastKnownFileType = file; path = "Rubik-ExtraBoldItalic.ttf"; sourceTree = "<group>"; };
		171AFF1629E539D800FBFC05 /* Rubik-MediumItalic.ttf */ = {isa = PBXFileReference; lastKnownFileType = file; path = "Rubik-MediumItalic.ttf"; sourceTree = "<group>"; };
		171AFF1729E539D800FBFC05 /* Rubik-LightItalic.ttf */ = {isa = PBXFileReference; lastKnownFileType = file; path = "Rubik-LightItalic.ttf"; sourceTree = "<group>"; };
		171AFF1829E539D800FBFC05 /* Rubik-SemiBoldItalic.ttf */ = {isa = PBXFileReference; lastKnownFileType = file; path = "Rubik-SemiBoldItalic.ttf"; sourceTree = "<group>"; };
		171AFF1929E539D800FBFC05 /* Rubik-Black.ttf */ = {isa = PBXFileReference; lastKnownFileType = file; path = "Rubik-Black.ttf"; sourceTree = "<group>"; };
		171AFF1A29E539D800FBFC05 /* Rubik-Regular.ttf */ = {isa = PBXFileReference; lastKnownFileType = file; path = "Rubik-Regular.ttf"; sourceTree = "<group>"; };
		171AFF1B29E539D800FBFC05 /* Rubik-Medium.ttf */ = {isa = PBXFileReference; lastKnownFileType = file; path = "Rubik-Medium.ttf"; sourceTree = "<group>"; };
		171AFF1C29E539D800FBFC05 /* Rubik-SemiBold.ttf */ = {isa = PBXFileReference; lastKnownFileType = file; path = "Rubik-SemiBold.ttf"; sourceTree = "<group>"; };
		171AFF2E29E544BF00FBFC05 /* LoginView.swift */ = {isa = PBXFileReference; lastKnownFileType = sourcecode.swift; path = LoginView.swift; sourceTree = "<group>"; };
		171AFF3029E544CA00FBFC05 /* LoginViewModel.swift */ = {isa = PBXFileReference; lastKnownFileType = sourcecode.swift; path = LoginViewModel.swift; sourceTree = "<group>"; };
		171AFF3329E5450800FBFC05 /* DependencyContainer.swift */ = {isa = PBXFileReference; lastKnownFileType = sourcecode.swift; path = DependencyContainer.swift; sourceTree = "<group>"; };
		171AFF3629E5454000FBFC05 /* NetworkService.swift */ = {isa = PBXFileReference; lastKnownFileType = sourcecode.swift; path = NetworkService.swift; sourceTree = "<group>"; };
		171AFF3829E5456500FBFC05 /* StorageService.swift */ = {isa = PBXFileReference; lastKnownFileType = sourcecode.swift; path = StorageService.swift; sourceTree = "<group>"; };
		171AFF3C29E546E700FBFC05 /* GoogleService-Info.plist */ = {isa = PBXFileReference; fileEncoding = 4; lastKnownFileType = text.plist.xml; path = "GoogleService-Info.plist"; sourceTree = "<group>"; };
		176C21232A00DF4300CF7216 /* PlaceholderTextfield.swift */ = {isa = PBXFileReference; lastKnownFileType = sourcecode.swift; path = PlaceholderTextfield.swift; sourceTree = "<group>"; };
		176C21252A02452400CF7216 /* String+Extensions.swift */ = {isa = PBXFileReference; lastKnownFileType = sourcecode.swift; path = "String+Extensions.swift"; sourceTree = "<group>"; };
		176C21282A0247B600CF7216 /* ToastDisplayView.swift */ = {isa = PBXFileReference; lastKnownFileType = sourcecode.swift; path = ToastDisplayView.swift; sourceTree = "<group>"; };
		176C212A2A02483A00CF7216 /* Transition+Extensions.swift */ = {isa = PBXFileReference; lastKnownFileType = sourcecode.swift; path = "Transition+Extensions.swift"; sourceTree = "<group>"; };
		176C212C2A02497200CF7216 /* LocalError.swift */ = {isa = PBXFileReference; lastKnownFileType = sourcecode.swift; path = LocalError.swift; sourceTree = "<group>"; };
		176C21322A0381AE00CF7216 /* SignupView.swift */ = {isa = PBXFileReference; lastKnownFileType = sourcecode.swift; path = SignupView.swift; sourceTree = "<group>"; };
		176C21342A0381C500CF7216 /* SignupViewModel.swift */ = {isa = PBXFileReference; lastKnownFileType = sourcecode.swift; path = SignupViewModel.swift; sourceTree = "<group>"; };
		17A04EDF2A164BAE00DA0386 /* AppViewModel.swift */ = {isa = PBXFileReference; lastKnownFileType = sourcecode.swift; path = AppViewModel.swift; sourceTree = "<group>"; };
		17A04EE22A164E7B00DA0386 /* AnimatableTabBarView.swift */ = {isa = PBXFileReference; lastKnownFileType = sourcecode.swift; path = AnimatableTabBarView.swift; sourceTree = "<group>"; };
		17A04EE52A164EC300DA0386 /* MainCoordinator.swift */ = {isa = PBXFileReference; lastKnownFileType = sourcecode.swift; path = MainCoordinator.swift; sourceTree = "<group>"; };
		17A04EE72A164ECE00DA0386 /* MainCoordinator+Factory.swift */ = {isa = PBXFileReference; lastKnownFileType = sourcecode.swift; path = "MainCoordinator+Factory.swift"; sourceTree = "<group>"; };
		17A04EEA2A1651C500DA0386 /* TabBarView.swift */ = {isa = PBXFileReference; lastKnownFileType = sourcecode.swift; path = TabBarView.swift; sourceTree = "<group>"; };
		17D0C5D529E5752D00E6CE0A /* AppDelegate.swift */ = {isa = PBXFileReference; lastKnownFileType = sourcecode.swift; path = AppDelegate.swift; sourceTree = "<group>"; };
		17D0C5D829E575CA00E6CE0A /* AuthenticationService.swift */ = {isa = PBXFileReference; lastKnownFileType = sourcecode.swift; path = AuthenticationService.swift; sourceTree = "<group>"; };
		17D0C5DA29E5774200E6CE0A /* User.swift */ = {isa = PBXFileReference; lastKnownFileType = sourcecode.swift; path = User.swift; sourceTree = "<group>"; };
		17D0C5DD29E591CA00E6CE0A /* EmailCheckView.swift */ = {isa = PBXFileReference; lastKnownFileType = sourcecode.swift; path = EmailCheckView.swift; sourceTree = "<group>"; };
		17D0C5DF29E591D400E6CE0A /* EmailCheckViewModel.swift */ = {isa = PBXFileReference; lastKnownFileType = sourcecode.swift; path = EmailCheckViewModel.swift; sourceTree = "<group>"; };
		17D0C5E429E599B300E6CE0A /* LaunchScreenView.swift */ = {isa = PBXFileReference; lastKnownFileType = sourcecode.swift; path = LaunchScreenView.swift; sourceTree = "<group>"; };
		17D0C5E729E684AB00E6CE0A /* LoadingView.swift */ = {isa = PBXFileReference; lastKnownFileType = sourcecode.swift; path = LoadingView.swift; sourceTree = "<group>"; };
		17D0C5EB29E68B2E00E6CE0A /* Info.plist */ = {isa = PBXFileReference; lastKnownFileType = text.plist.xml; path = Info.plist; sourceTree = "<group>"; };
		17D0C61029E82C8D00E6CE0A /* ButtonStyles.swift */ = {isa = PBXFileReference; lastKnownFileType = sourcecode.swift; path = ButtonStyles.swift; sourceTree = "<group>"; };
		17D0C61229E82CE100E6CE0A /* View+Extensions.swift */ = {isa = PBXFileReference; lastKnownFileType = sourcecode.swift; path = "View+Extensions.swift"; sourceTree = "<group>"; };
		17D0C61429E82D0500E6CE0A /* Shape+Utils.swift */ = {isa = PBXFileReference; lastKnownFileType = sourcecode.swift; path = "Shape+Utils.swift"; sourceTree = "<group>"; };
		17D0C61629E82E0100E6CE0A /* UIKit+Utils.swift */ = {isa = PBXFileReference; lastKnownFileType = sourcecode.swift; path = "UIKit+Utils.swift"; sourceTree = "<group>"; };
		17D0C61829E82ED300E6CE0A /* Publishers+Extensions.swift */ = {isa = PBXFileReference; lastKnownFileType = sourcecode.swift; path = "Publishers+Extensions.swift"; sourceTree = "<group>"; };
		17D0C61A29E82F9F00E6CE0A /* Buttons.swift */ = {isa = PBXFileReference; lastKnownFileType = sourcecode.swift; path = Buttons.swift; sourceTree = "<group>"; };
		17D0C61C29E82FAE00E6CE0A /* BorderedButton.swift */ = {isa = PBXFileReference; lastKnownFileType = sourcecode.swift; path = BorderedButton.swift; sourceTree = "<group>"; };
		17D0C61F29E8302000E6CE0A /* ActivityIndicator.swift */ = {isa = PBXFileReference; lastKnownFileType = sourcecode.swift; path = ActivityIndicator.swift; sourceTree = "<group>"; };
		17D0C62129E8306F00E6CE0A /* FilledButton.swift */ = {isa = PBXFileReference; lastKnownFileType = sourcecode.swift; path = FilledButton.swift; sourceTree = "<group>"; };
		17D0C62329E8310600E6CE0A /* TextButton.swift */ = {isa = PBXFileReference; lastKnownFileType = sourcecode.swift; path = TextButton.swift; sourceTree = "<group>"; };
		17D0C62529E8318800E6CE0A /* VerticalImageTextButton.swift */ = {isa = PBXFileReference; lastKnownFileType = sourcecode.swift; path = VerticalImageTextButton.swift; sourceTree = "<group>"; };
		17D0C62729E892C700E6CE0A /* Image+Modifiers.swift */ = {isa = PBXFileReference; lastKnownFileType = sourcecode.swift; path = "Image+Modifiers.swift"; sourceTree = "<group>"; };
		17D0C62929E892F000E6CE0A /* BackButton.swift */ = {isa = PBXFileReference; lastKnownFileType = sourcecode.swift; path = BackButton.swift; sourceTree = "<group>"; };
		17D0C62C29E8960000E6CE0A /* NavigationBar.swift */ = {isa = PBXFileReference; lastKnownFileType = sourcecode.swift; path = NavigationBar.swift; sourceTree = "<group>"; };
		17D0C62E29EA63C800E6CE0A /* NavigationBar+Extensions.swift */ = {isa = PBXFileReference; lastKnownFileType = sourcecode.swift; path = "NavigationBar+Extensions.swift"; sourceTree = "<group>"; };
		17D0C63829EAC0B800E6CE0A /* AuthCoordinator.swift */ = {isa = PBXFileReference; lastKnownFileType = sourcecode.swift; path = AuthCoordinator.swift; sourceTree = "<group>"; };
		17D0C63F29EDD74300E6CE0A /* AuthCoordinator+Factory.swift */ = {isa = PBXFileReference; lastKnownFileType = sourcecode.swift; path = "AuthCoordinator+Factory.swift"; sourceTree = "<group>"; };
		17D0C64129EDDD9000E6CE0A /* Environment+Custom.swift */ = {isa = PBXFileReference; lastKnownFileType = sourcecode.swift; path = "Environment+Custom.swift"; sourceTree = "<group>"; };
/* End PBXFileReference section */

/* Begin PBXFrameworksBuildPhase section */
		171AFE8A29E407FE00FBFC05 /* Frameworks */ = {
			isa = PBXFrameworksBuildPhase;
			buildActionMask = 2147483647;
			files = (
				171AFF4629E547F700FBFC05 /* FirebaseDatabaseSwift in Frameworks */,
				171AFF4429E547F700FBFC05 /* FirebaseCrashlytics in Frameworks */,
				171AFF4029E547F700FBFC05 /* FirebaseAnalyticsSwift in Frameworks */,
				171AFF4229E547F700FBFC05 /* FirebaseAuth in Frameworks */,
				17D0C63E29EB38CF00E6CE0A /* Stinsen in Frameworks */,
			);
			runOnlyForDeploymentPostprocessing = 0;
		};
		171AFE9A29E4080000FBFC05 /* Frameworks */ = {
			isa = PBXFrameworksBuildPhase;
			buildActionMask = 2147483647;
			files = (
			);
			runOnlyForDeploymentPostprocessing = 0;
		};
		171AFEA429E4080000FBFC05 /* Frameworks */ = {
			isa = PBXFrameworksBuildPhase;
			buildActionMask = 2147483647;
			files = (
			);
			runOnlyForDeploymentPostprocessing = 0;
		};
/* End PBXFrameworksBuildPhase section */

/* Begin PBXGroup section */
		1709DAD92A18A3CC009180C0 /* Home */ = {
			isa = PBXGroup;
			children = (
				1709DADD2A18A40F009180C0 /* HomeCoordinator.swift */,
				1709DAE72A18A452009180C0 /* HomeCoordinator+Factory.swift */,
				1709DAEF2A18A47B009180C0 /* Home */,
			);
			path = Home;
			sourceTree = "<group>";
		};
		1709DADA2A18A3D7009180C0 /* Offers */ = {
			isa = PBXGroup;
			children = (
				1709DADF2A18A419009180C0 /* OffersCoordinator.swift */,
				1709DAE92A18A45B009180C0 /* OffersCoordinator+Factory.swift */,
				1709DAF22A18A49D009180C0 /* Offers */,
			);
			path = Offers;
			sourceTree = "<group>";
		};
		1709DADB2A18A3E4009180C0 /* Contracts */ = {
			isa = PBXGroup;
			children = (
				1709DAE22A18A42B009180C0 /* ContractsCoordinator.swift */,
				1709DAEB2A18A466009180C0 /* ContractsCoordinator+Factory.swift */,
				1709DAF52A18A4C2009180C0 /* Contracts */,
			);
			path = Contracts;
			sourceTree = "<group>";
		};
		1709DADC2A18A3F8009180C0 /* Menu */ = {
			isa = PBXGroup;
			children = (
				1709DAE52A18A43C009180C0 /* MenuCoordinator.swift */,
				1709DAED2A18A472009180C0 /* MenuCoordinator+Factory.swift */,
				1709DAF82A18A4E0009180C0 /* Menu */,
			);
			path = Menu;
			sourceTree = "<group>";
		};
		1709DAEF2A18A47B009180C0 /* Home */ = {
			isa = PBXGroup;
			children = (
				1709DAF02A18A489009180C0 /* HomeView.swift */,
			);
			path = Home;
			sourceTree = "<group>";
		};
		1709DAF22A18A49D009180C0 /* Offers */ = {
			isa = PBXGroup;
			children = (
				1709DAF32A18A4AE009180C0 /* OffersView.swift */,
			);
			path = Offers;
			sourceTree = "<group>";
		};
		1709DAF52A18A4C2009180C0 /* Contracts */ = {
			isa = PBXGroup;
			children = (
				1709DAF62A18A4D2009180C0 /* ContractsView.swift */,
			);
			path = Contracts;
			sourceTree = "<group>";
		};
		1709DAF82A18A4E0009180C0 /* Menu */ = {
			isa = PBXGroup;
			children = (
				1709DAF92A18A4EB009180C0 /* MenuView.swift */,
				1709DAFB2A18EC13009180C0 /* MenuViewModel.swift */,
			);
			path = Menu;
			sourceTree = "<group>";
		};
		171AFE8429E407FE00FBFC05 = {
			isa = PBXGroup;
			children = (
				171AFE8F29E407FE00FBFC05 /* PVCWindowsGenerator */,
				171AFEA029E4080000FBFC05 /* PVCWindowsGeneratorTests */,
				171AFEAA29E4080000FBFC05 /* PVCWindowsGeneratorUITests */,
				171AFE8E29E407FE00FBFC05 /* Products */,
			);
			sourceTree = "<group>";
		};
		171AFE8E29E407FE00FBFC05 /* Products */ = {
			isa = PBXGroup;
			children = (
				171AFE8D29E407FE00FBFC05 /* PVCWindowsGenerator.app */,
				171AFE9D29E4080000FBFC05 /* PVCWindowsGeneratorTests.xctest */,
				171AFEA729E4080000FBFC05 /* PVCWindowsGeneratorUITests.xctest */,
			);
			name = Products;
			sourceTree = "<group>";
		};
		171AFE8F29E407FE00FBFC05 /* PVCWindowsGenerator */ = {
			isa = PBXGroup;
			children = (
				17D0C5D529E5752D00E6CE0A /* AppDelegate.swift */,
				171AFE9029E407FE00FBFC05 /* App.swift */,
				17A04EDF2A164BAE00DA0386 /* AppViewModel.swift */,
				171AFE9429E4080000FBFC05 /* Assets.xcassets */,
				17D0C5EB29E68B2E00E6CE0A /* Info.plist */,
				171AFF3C29E546E700FBFC05 /* GoogleService-Info.plist */,
				171AFEBA29E4081F00FBFC05 /* Flows */,
				171AFEBD29E408CE00FBFC05 /* Services */,
				171AFEBC29E408A900FBFC05 /* Models */,
				171AFEBB29E4082C00FBFC05 /* Reusables */,
				171AFEBE29E408DC00FBFC05 /* Utils */,
				171AFEC829E5331400FBFC05 /* Generated */,
				171AFEC429E531B300FBFC05 /* Resources */,
				171AFE9629E4080000FBFC05 /* Preview Content */,
			);
			path = PVCWindowsGenerator;
			sourceTree = "<group>";
		};
		171AFE9629E4080000FBFC05 /* Preview Content */ = {
			isa = PBXGroup;
			children = (
				171AFE9729E4080000FBFC05 /* Preview Assets.xcassets */,
			);
			path = "Preview Content";
			sourceTree = "<group>";
		};
		171AFEA029E4080000FBFC05 /* PVCWindowsGeneratorTests */ = {
			isa = PBXGroup;
			children = (
				171AFEA129E4080000FBFC05 /* PVCWindowsGeneratorTests.swift */,
			);
			path = PVCWindowsGeneratorTests;
			sourceTree = "<group>";
		};
		171AFEAA29E4080000FBFC05 /* PVCWindowsGeneratorUITests */ = {
			isa = PBXGroup;
			children = (
				171AFEAB29E4080000FBFC05 /* PVCWindowsGeneratorUITests.swift */,
				171AFEAD29E4080000FBFC05 /* PVCWindowsGeneratorUITestsLaunchTests.swift */,
			);
			path = PVCWindowsGeneratorUITests;
			sourceTree = "<group>";
		};
		171AFEBA29E4081F00FBFC05 /* Flows */ = {
			isa = PBXGroup;
			children = (
				17D0C5E329E5998A00E6CE0A /* Launch Screen */,
				171AFEBF29E530A700FBFC05 /* Auth */,
				17A04EE42A164EAD00DA0386 /* Main */,
			);
			path = Flows;
			sourceTree = "<group>";
		};
		171AFEBB29E4082C00FBFC05 /* Reusables */ = {
			isa = PBXGroup;
			children = (
				17A04EE12A164E6B00DA0386 /* TabBar */,
				176C21272A0247A400CF7216 /* Toast */,
				176C21222A00DF2800CF7216 /* PlaceholderTextfield */,
				17D0C62B29E894AA00E6CE0A /* NavigationBar */,
				17D0C61E29E8301000E6CE0A /* ActivityIndicator */,
				17D0C5E629E6849700E6CE0A /* Loading View */,
				17D0C60F29E82C6D00E6CE0A /* Buttons */,
			);
			path = Reusables;
			sourceTree = "<group>";
		};
		171AFEBC29E408A900FBFC05 /* Models */ = {
			isa = PBXGroup;
			children = (
				17D0C5DA29E5774200E6CE0A /* User.swift */,
				176C212C2A02497200CF7216 /* LocalError.swift */,
				1709DAD12A16AB5A009180C0 /* TabItem.swift */,
			);
			path = Models;
			sourceTree = "<group>";
		};
		171AFEBD29E408CE00FBFC05 /* Services */ = {
			isa = PBXGroup;
			children = (
				17D0C5D729E5758C00E6CE0A /* Auth Service */,
				171AFF3A29E5456B00FBFC05 /* Storage Service */,
				171AFF3529E5452B00FBFC05 /* Network Service */,
				171AFF3229E544F300FBFC05 /* Dependency Container */,
			);
			path = Services;
			sourceTree = "<group>";
		};
		171AFEBE29E408DC00FBFC05 /* Utils */ = {
			isa = PBXGroup;
			children = (
				171AFEC229E5310200FBFC05 /* projecthelper.swift */,
				17D0C61229E82CE100E6CE0A /* View+Extensions.swift */,
				17D0C61429E82D0500E6CE0A /* Shape+Utils.swift */,
				17D0C61629E82E0100E6CE0A /* UIKit+Utils.swift */,
				17D0C61829E82ED300E6CE0A /* Publishers+Extensions.swift */,
				17D0C62729E892C700E6CE0A /* Image+Modifiers.swift */,
				17D0C64129EDDD9000E6CE0A /* Environment+Custom.swift */,
				176C21252A02452400CF7216 /* String+Extensions.swift */,
				176C212A2A02483A00CF7216 /* Transition+Extensions.swift */,
			);
			path = Utils;
			sourceTree = "<group>";
		};
		171AFEBF29E530A700FBFC05 /* Auth */ = {
			isa = PBXGroup;
			children = (
				17D0C63829EAC0B800E6CE0A /* AuthCoordinator.swift */,
				17D0C63F29EDD74300E6CE0A /* AuthCoordinator+Factory.swift */,
				17D0C5DC29E591B300E6CE0A /* Email Check */,
				171AFEC129E530BA00FBFC05 /* Signup */,
				171AFEC029E530B200FBFC05 /* Login */,
			);
			path = Auth;
			sourceTree = "<group>";
		};
		171AFEC029E530B200FBFC05 /* Login */ = {
			isa = PBXGroup;
			children = (
				171AFF2E29E544BF00FBFC05 /* LoginView.swift */,
				171AFF3029E544CA00FBFC05 /* LoginViewModel.swift */,
			);
			path = Login;
			sourceTree = "<group>";
		};
		171AFEC129E530BA00FBFC05 /* Signup */ = {
			isa = PBXGroup;
			children = (
				176C21322A0381AE00CF7216 /* SignupView.swift */,
				176C21342A0381C500CF7216 /* SignupViewModel.swift */,
			);
			path = Signup;
			sourceTree = "<group>";
		};
		171AFEC429E531B300FBFC05 /* Resources */ = {
			isa = PBXGroup;
			children = (
				171AFF3B29E546D200FBFC05 /* Firebase */,
				171AFED729E5334F00FBFC05 /* Localization */,
				171AFED629E5333A00FBFC05 /* Fonts */,
			);
			path = Resources;
			sourceTree = "<group>";
		};
		171AFEC829E5331400FBFC05 /* Generated */ = {
			isa = PBXGroup;
			children = (
				171AFEE629E5394400FBFC05 /* Enums */,
				171AFEEC29E5394400FBFC05 /* Extensions */,
				171AFEDD29E5394400FBFC05 /* Protocols */,
			);
			path = Generated;
			sourceTree = "<group>";
		};
		171AFED629E5333A00FBFC05 /* Fonts */ = {
			isa = PBXGroup;
			children = (
				171AFF1929E539D800FBFC05 /* Rubik-Black.ttf */,
				171AFF0F29E539D800FBFC05 /* Rubik-BlackItalic.ttf */,
				171AFF1129E539D800FBFC05 /* Rubik-Bold.ttf */,
				171AFF1029E539D800FBFC05 /* Rubik-BoldItalic.ttf */,
				171AFF1429E539D800FBFC05 /* Rubik-ExtraBold.ttf */,
				171AFF1529E539D800FBFC05 /* Rubik-ExtraBoldItalic.ttf */,
				171AFF1229E539D800FBFC05 /* Rubik-Italic.ttf */,
				171AFF1329E539D800FBFC05 /* Rubik-Light.ttf */,
				171AFF1729E539D800FBFC05 /* Rubik-LightItalic.ttf */,
				171AFF1B29E539D800FBFC05 /* Rubik-Medium.ttf */,
				171AFF1629E539D800FBFC05 /* Rubik-MediumItalic.ttf */,
				171AFF1A29E539D800FBFC05 /* Rubik-Regular.ttf */,
				171AFF1C29E539D800FBFC05 /* Rubik-SemiBold.ttf */,
				171AFF1829E539D800FBFC05 /* Rubik-SemiBoldItalic.ttf */,
			);
			path = Fonts;
			sourceTree = "<group>";
		};
		171AFED729E5334F00FBFC05 /* Localization */ = {
			isa = PBXGroup;
			children = (
				171AFEDC29E5391700FBFC05 /* Localizable.strings */,
			);
			path = Localization;
			sourceTree = "<group>";
		};
		171AFEDD29E5394400FBFC05 /* Protocols */ = {
			isa = PBXGroup;
			children = (
				171AFEDE29E5394400FBFC05 /* UIKit */,
				171AFEE129E5394400FBFC05 /* LocalizableStringKey.swift */,
				171AFEE229E5394400FBFC05 /* StringRepresentableInitable.swift */,
				171AFEE329E5394400FBFC05 /* SwiftUI */,
			);
			path = Protocols;
			sourceTree = "<group>";
		};
		171AFEDE29E5394400FBFC05 /* UIKit */ = {
			isa = PBXGroup;
			children = (
				171AFEDF29E5394400FBFC05 /* UIKitStringBundleInitable.swift */,
				171AFEE029E5394400FBFC05 /* UIKitStringRepresentableInitable.swift */,
			);
			path = UIKit;
			sourceTree = "<group>";
		};
		171AFEE329E5394400FBFC05 /* SwiftUI */ = {
			isa = PBXGroup;
			children = (
				171AFEE429E5394400FBFC05 /* SwiftUIStringRepresentableInitable.swift */,
				171AFEE529E5394400FBFC05 /* SwiftUIStringBundleInitable.swift */,
			);
			path = SwiftUI;
			sourceTree = "<group>";
		};
		171AFEE629E5394400FBFC05 /* Enums */ = {
			isa = PBXGroup;
			children = (
				171AFEE729E5394400FBFC05 /* FontSize.swift */,
				171AFEE829E5394400FBFC05 /* LocalizableStringKeys.swift */,
				171AFEE929E5394400FBFC05 /* AssetName.swift */,
				171AFEEA29E5394400FBFC05 /* FontType.swift */,
				171AFEEB29E5394400FBFC05 /* ColorName.swift */,
			);
			path = Enums;
			sourceTree = "<group>";
		};
		171AFEEC29E5394400FBFC05 /* Extensions */ = {
			isa = PBXGroup;
			children = (
				171AFEED29E5394400FBFC05 /* UIKit */,
				171AFEF329E5394400FBFC05 /* Foundation */,
				171AFEF529E5394400FBFC05 /* SwiftUI */,
			);
			path = Extensions;
			sourceTree = "<group>";
		};
		171AFEED29E5394400FBFC05 /* UIKit */ = {
			isa = PBXGroup;
			children = (
				171AFEEE29E5394400FBFC05 /* UIFont */,
				171AFEF129E5394400FBFC05 /* UIImage+Assets.swift */,
				171AFEF229E5394400FBFC05 /* UIColor+Colors.swift */,
			);
			path = UIKit;
			sourceTree = "<group>";
		};
		171AFEEE29E5394400FBFC05 /* UIFont */ = {
			isa = PBXGroup;
			children = (
				171AFEEF29E5394400FBFC05 /* UIKit+UIFont-Functions.swift */,
				171AFEF029E5394400FBFC05 /* UIKit+UIFont-Vars.swift */,
			);
			path = UIFont;
			sourceTree = "<group>";
		};
		171AFEF329E5394400FBFC05 /* Foundation */ = {
			isa = PBXGroup;
			children = (
				171AFEF429E5394400FBFC05 /* String+LocalizableStringKeys.swift */,
			);
			path = Foundation;
			sourceTree = "<group>";
		};
		171AFEF529E5394400FBFC05 /* SwiftUI */ = {
			isa = PBXGroup;
			children = (
				171AFEF629E5394400FBFC05 /* Font */,
				171AFEF929E5394400FBFC05 /* Color+Colors.swift */,
				171AFEFA29E5394400FBFC05 /* Image+Assets.swift */,
			);
			path = SwiftUI;
			sourceTree = "<group>";
		};
		171AFEF629E5394400FBFC05 /* Font */ = {
			isa = PBXGroup;
			children = (
				171AFEF729E5394400FBFC05 /* SwiftUI+Font-Functions.swift */,
				171AFEF829E5394400FBFC05 /* SwiftUI+Font-Vars.swift */,
			);
			path = Font;
			sourceTree = "<group>";
		};
		171AFF3229E544F300FBFC05 /* Dependency Container */ = {
			isa = PBXGroup;
			children = (
				171AFF3329E5450800FBFC05 /* DependencyContainer.swift */,
			);
			path = "Dependency Container";
			sourceTree = "<group>";
		};
		171AFF3529E5452B00FBFC05 /* Network Service */ = {
			isa = PBXGroup;
			children = (
				171AFF3629E5454000FBFC05 /* NetworkService.swift */,
			);
			path = "Network Service";
			sourceTree = "<group>";
		};
		171AFF3A29E5456B00FBFC05 /* Storage Service */ = {
			isa = PBXGroup;
			children = (
				171AFF3829E5456500FBFC05 /* StorageService.swift */,
			);
			path = "Storage Service";
			sourceTree = "<group>";
		};
		171AFF3B29E546D200FBFC05 /* Firebase */ = {
			isa = PBXGroup;
			children = (
			);
			path = Firebase;
			sourceTree = "<group>";
		};
		176C21222A00DF2800CF7216 /* PlaceholderTextfield */ = {
			isa = PBXGroup;
			children = (
				176C21232A00DF4300CF7216 /* PlaceholderTextfield.swift */,
			);
			path = PlaceholderTextfield;
			sourceTree = "<group>";
		};
		176C21272A0247A400CF7216 /* Toast */ = {
			isa = PBXGroup;
			children = (
				176C21282A0247B600CF7216 /* ToastDisplayView.swift */,
			);
			path = Toast;
			sourceTree = "<group>";
		};
		17A04EE12A164E6B00DA0386 /* TabBar */ = {
			isa = PBXGroup;
			children = (
				17A04EE22A164E7B00DA0386 /* AnimatableTabBarView.swift */,
				1709DAD52A179C0C009180C0 /* TabBarButton.swift */,
				1709DAD72A179C5F009180C0 /* TabBarShape.swift */,
			);
			path = TabBar;
			sourceTree = "<group>";
		};
		17A04EE42A164EAD00DA0386 /* Main */ = {
			isa = PBXGroup;
			children = (
				17A04EE52A164EC300DA0386 /* MainCoordinator.swift */,
				17A04EE72A164ECE00DA0386 /* MainCoordinator+Factory.swift */,
				17A04EE92A164FA000DA0386 /* TabBar */,
				1709DAD92A18A3CC009180C0 /* Home */,
				1709DADA2A18A3D7009180C0 /* Offers */,
				1709DADB2A18A3E4009180C0 /* Contracts */,
				1709DADC2A18A3F8009180C0 /* Menu */,
			);
			path = Main;
			sourceTree = "<group>";
		};
		17A04EE92A164FA000DA0386 /* TabBar */ = {
			isa = PBXGroup;
			children = (
				17A04EEA2A1651C500DA0386 /* TabBarView.swift */,
				1709DAD32A179B36009180C0 /* TabBarViewModel.swift */,
			);
			path = TabBar;
			sourceTree = "<group>";
		};
		17D0C5D729E5758C00E6CE0A /* Auth Service */ = {
			isa = PBXGroup;
			children = (
				17D0C5D829E575CA00E6CE0A /* AuthenticationService.swift */,
			);
			path = "Auth Service";
			sourceTree = "<group>";
		};
		17D0C5DC29E591B300E6CE0A /* Email Check */ = {
			isa = PBXGroup;
			children = (
				17D0C5DD29E591CA00E6CE0A /* EmailCheckView.swift */,
				17D0C5DF29E591D400E6CE0A /* EmailCheckViewModel.swift */,
			);
			path = "Email Check";
			sourceTree = "<group>";
		};
		17D0C5E329E5998A00E6CE0A /* Launch Screen */ = {
			isa = PBXGroup;
			children = (
				17D0C5E429E599B300E6CE0A /* LaunchScreenView.swift */,
			);
			path = "Launch Screen";
			sourceTree = "<group>";
		};
		17D0C5E629E6849700E6CE0A /* Loading View */ = {
			isa = PBXGroup;
			children = (
				17D0C5E729E684AB00E6CE0A /* LoadingView.swift */,
			);
			path = "Loading View";
			sourceTree = "<group>";
		};
		17D0C60F29E82C6D00E6CE0A /* Buttons */ = {
			isa = PBXGroup;
			children = (
				17D0C61029E82C8D00E6CE0A /* ButtonStyles.swift */,
				17D0C61A29E82F9F00E6CE0A /* Buttons.swift */,
				17D0C61C29E82FAE00E6CE0A /* BorderedButton.swift */,
				17D0C62129E8306F00E6CE0A /* FilledButton.swift */,
				17D0C62329E8310600E6CE0A /* TextButton.swift */,
				17D0C62529E8318800E6CE0A /* VerticalImageTextButton.swift */,
				17D0C62929E892F000E6CE0A /* BackButton.swift */,
			);
			path = Buttons;
			sourceTree = "<group>";
		};
		17D0C61E29E8301000E6CE0A /* ActivityIndicator */ = {
			isa = PBXGroup;
			children = (
				17D0C61F29E8302000E6CE0A /* ActivityIndicator.swift */,
			);
			path = ActivityIndicator;
			sourceTree = "<group>";
		};
		17D0C62B29E894AA00E6CE0A /* NavigationBar */ = {
			isa = PBXGroup;
			children = (
				17D0C62C29E8960000E6CE0A /* NavigationBar.swift */,
				17D0C62E29EA63C800E6CE0A /* NavigationBar+Extensions.swift */,
			);
			path = NavigationBar;
			sourceTree = "<group>";
		};
/* End PBXGroup section */

/* Begin PBXNativeTarget section */
		171AFE8C29E407FE00FBFC05 /* PVCWindowsGenerator */ = {
			isa = PBXNativeTarget;
			buildConfigurationList = 171AFEB129E4080000FBFC05 /* Build configuration list for PBXNativeTarget "PVCWindowsGenerator" */;
			buildPhases = (
				171AFE8929E407FE00FBFC05 /* Sources */,
				171AFE8A29E407FE00FBFC05 /* Frameworks */,
				171AFE8B29E407FE00FBFC05 /* Resources */,
			);
			buildRules = (
			);
			dependencies = (
			);
			name = PVCWindowsGenerator;
			packageProductDependencies = (
				171AFF3F29E547F700FBFC05 /* FirebaseAnalyticsSwift */,
				171AFF4129E547F700FBFC05 /* FirebaseAuth */,
				171AFF4329E547F700FBFC05 /* FirebaseCrashlytics */,
				171AFF4529E547F700FBFC05 /* FirebaseDatabaseSwift */,
				17D0C63D29EB38CF00E6CE0A /* Stinsen */,
			);
			productName = PVCWindowsGenerator;
			productReference = 171AFE8D29E407FE00FBFC05 /* PVCWindowsGenerator.app */;
			productType = "com.apple.product-type.application";
		};
		171AFE9C29E4080000FBFC05 /* PVCWindowsGeneratorTests */ = {
			isa = PBXNativeTarget;
			buildConfigurationList = 171AFEB429E4080000FBFC05 /* Build configuration list for PBXNativeTarget "PVCWindowsGeneratorTests" */;
			buildPhases = (
				171AFE9929E4080000FBFC05 /* Sources */,
				171AFE9A29E4080000FBFC05 /* Frameworks */,
				171AFE9B29E4080000FBFC05 /* Resources */,
			);
			buildRules = (
			);
			dependencies = (
				171AFE9F29E4080000FBFC05 /* PBXTargetDependency */,
			);
			name = PVCWindowsGeneratorTests;
			productName = PVCWindowsGeneratorTests;
			productReference = 171AFE9D29E4080000FBFC05 /* PVCWindowsGeneratorTests.xctest */;
			productType = "com.apple.product-type.bundle.unit-test";
		};
		171AFEA629E4080000FBFC05 /* PVCWindowsGeneratorUITests */ = {
			isa = PBXNativeTarget;
			buildConfigurationList = 171AFEB729E4080000FBFC05 /* Build configuration list for PBXNativeTarget "PVCWindowsGeneratorUITests" */;
			buildPhases = (
				171AFEA329E4080000FBFC05 /* Sources */,
				171AFEA429E4080000FBFC05 /* Frameworks */,
				171AFEA529E4080000FBFC05 /* Resources */,
			);
			buildRules = (
			);
			dependencies = (
				171AFEA929E4080000FBFC05 /* PBXTargetDependency */,
			);
			name = PVCWindowsGeneratorUITests;
			productName = PVCWindowsGeneratorUITests;
			productReference = 171AFEA729E4080000FBFC05 /* PVCWindowsGeneratorUITests.xctest */;
			productType = "com.apple.product-type.bundle.ui-testing";
		};
/* End PBXNativeTarget section */

/* Begin PBXProject section */
		171AFE8529E407FE00FBFC05 /* Project object */ = {
			isa = PBXProject;
			attributes = {
				BuildIndependentTargetsInParallel = 1;
				LastSwiftUpdateCheck = 1430;
				LastUpgradeCheck = 1430;
				TargetAttributes = {
					171AFE8C29E407FE00FBFC05 = {
						CreatedOnToolsVersion = 14.3;
					};
					171AFE9C29E4080000FBFC05 = {
						CreatedOnToolsVersion = 14.3;
						TestTargetID = 171AFE8C29E407FE00FBFC05;
					};
					171AFEA629E4080000FBFC05 = {
						CreatedOnToolsVersion = 14.3;
						TestTargetID = 171AFE8C29E407FE00FBFC05;
					};
				};
			};
			buildConfigurationList = 171AFE8829E407FE00FBFC05 /* Build configuration list for PBXProject "PVCWindowsGenerator" */;
			compatibilityVersion = "Xcode 14.0";
			developmentRegion = en;
			hasScannedForEncodings = 0;
			knownRegions = (
				en,
			);
			mainGroup = 171AFE8429E407FE00FBFC05;
			packageReferences = (
				171AFF3E29E547F700FBFC05 /* XCRemoteSwiftPackageReference "firebase-ios-sdk" */,
				17D0C63C29EB38CF00E6CE0A /* XCRemoteSwiftPackageReference "stinsen" */,
			);
			productRefGroup = 171AFE8E29E407FE00FBFC05 /* Products */;
			projectDirPath = "";
			projectRoot = "";
			targets = (
				171AFE8C29E407FE00FBFC05 /* PVCWindowsGenerator */,
				171AFE9C29E4080000FBFC05 /* PVCWindowsGeneratorTests */,
				171AFEA629E4080000FBFC05 /* PVCWindowsGeneratorUITests */,
			);
		};
/* End PBXProject section */

/* Begin PBXResourcesBuildPhase section */
		171AFE8B29E407FE00FBFC05 /* Resources */ = {
			isa = PBXResourcesBuildPhase;
			buildActionMask = 2147483647;
			files = (
				171AFF1E29E539D800FBFC05 /* Rubik-BoldItalic.ttf in Resources */,
				171AFF2229E539D800FBFC05 /* Rubik-ExtraBold.ttf in Resources */,
				171AFF2629E539D800FBFC05 /* Rubik-SemiBoldItalic.ttf in Resources */,
				171AFF1F29E539D800FBFC05 /* Rubik-Bold.ttf in Resources */,
				171AFE9829E4080000FBFC05 /* Preview Assets.xcassets in Resources */,
				171AFEDA29E5391700FBFC05 /* Localizable.strings in Resources */,
				171AFF2A29E539D800FBFC05 /* Rubik-SemiBold.ttf in Resources */,
				171AFF2029E539D800FBFC05 /* Rubik-Italic.ttf in Resources */,
				171AFF2929E539D800FBFC05 /* Rubik-Medium.ttf in Resources */,
				171AFF2129E539D800FBFC05 /* Rubik-Light.ttf in Resources */,
				171AFF3D29E546E700FBFC05 /* GoogleService-Info.plist in Resources */,
				171AFF1D29E539D800FBFC05 /* Rubik-BlackItalic.ttf in Resources */,
				171AFF2329E539D800FBFC05 /* Rubik-ExtraBoldItalic.ttf in Resources */,
				171AFF2729E539D800FBFC05 /* Rubik-Black.ttf in Resources */,
				171AFF2529E539D800FBFC05 /* Rubik-LightItalic.ttf in Resources */,
				171AFF2429E539D800FBFC05 /* Rubik-MediumItalic.ttf in Resources */,
				171AFF2829E539D800FBFC05 /* Rubik-Regular.ttf in Resources */,
				171AFE9529E4080000FBFC05 /* Assets.xcassets in Resources */,
			);
			runOnlyForDeploymentPostprocessing = 0;
		};
		171AFE9B29E4080000FBFC05 /* Resources */ = {
			isa = PBXResourcesBuildPhase;
			buildActionMask = 2147483647;
			files = (
			);
			runOnlyForDeploymentPostprocessing = 0;
		};
		171AFEA529E4080000FBFC05 /* Resources */ = {
			isa = PBXResourcesBuildPhase;
			buildActionMask = 2147483647;
			files = (
			);
			runOnlyForDeploymentPostprocessing = 0;
		};
/* End PBXResourcesBuildPhase section */

/* Begin PBXSourcesBuildPhase section */
		171AFE8929E407FE00FBFC05 /* Sources */ = {
			isa = PBXSourcesBuildPhase;
			buildActionMask = 2147483647;
			files = (
				17D0C62429E8310600E6CE0A /* TextButton.swift in Sources */,
				171AFEFC29E5394400FBFC05 /* UIKitStringRepresentableInitable.swift in Sources */,
				17D0C61529E82D0500E6CE0A /* Shape+Utils.swift in Sources */,
				17D0C5E029E591D400E6CE0A /* EmailCheckViewModel.swift in Sources */,
				1709DAF72A18A4D2009180C0 /* ContractsView.swift in Sources */,
				171AFF0929E5394400FBFC05 /* UIColor+Colors.swift in Sources */,
				17D0C62029E8302000E6CE0A /* ActivityIndicator.swift in Sources */,
				17D0C61D29E82FAE00E6CE0A /* BorderedButton.swift in Sources */,
				17D0C61729E82E0100E6CE0A /* UIKit+Utils.swift in Sources */,
				1709DAE32A18A42B009180C0 /* ContractsCoordinator.swift in Sources */,
				171AFF0729E5394400FBFC05 /* UIKit+UIFont-Vars.swift in Sources */,
				176C21292A0247B600CF7216 /* ToastDisplayView.swift in Sources */,
				171AFF0829E5394400FBFC05 /* UIImage+Assets.swift in Sources */,
				176C212D2A02497200CF7216 /* LocalError.swift in Sources */,
				176C21332A0381AE00CF7216 /* SignupView.swift in Sources */,
				17D0C5DB29E5774200E6CE0A /* User.swift in Sources */,
				1709DAD62A179C0C009180C0 /* TabBarButton.swift in Sources */,
				17D0C61929E82ED300E6CE0A /* Publishers+Extensions.swift in Sources */,
				17D0C62829E892C700E6CE0A /* Image+Modifiers.swift in Sources */,
				17D0C64029EDD74300E6CE0A /* AuthCoordinator+Factory.swift in Sources */,
				17D0C5D629E5752D00E6CE0A /* AppDelegate.swift in Sources */,
				171AFF0129E5394400FBFC05 /* FontSize.swift in Sources */,
				171AFF0A29E5394400FBFC05 /* String+LocalizableStringKeys.swift in Sources */,
				1709DAE02A18A419009180C0 /* OffersCoordinator.swift in Sources */,
				171AFF3429E5450800FBFC05 /* DependencyContainer.swift in Sources */,
				1709DAFA2A18A4EB009180C0 /* MenuView.swift in Sources */,
				1709DAE82A18A452009180C0 /* HomeCoordinator+Factory.swift in Sources */,
				17D0C62229E8306F00E6CE0A /* FilledButton.swift in Sources */,
				1709DAE62A18A43C009180C0 /* MenuCoordinator.swift in Sources */,
				176C21352A0381C500CF7216 /* SignupViewModel.swift in Sources */,
				1709DAFC2A18EC13009180C0 /* MenuViewModel.swift in Sources */,
				1709DAEE2A18A472009180C0 /* MenuCoordinator+Factory.swift in Sources */,
				17D0C61329E82CE100E6CE0A /* View+Extensions.swift in Sources */,
				17A04EE32A164E7B00DA0386 /* AnimatableTabBarView.swift in Sources */,
				171AFF2F29E544BF00FBFC05 /* LoginView.swift in Sources */,
				17D0C61B29E82F9F00E6CE0A /* Buttons.swift in Sources */,
				1709DAF42A18A4AE009180C0 /* OffersView.swift in Sources */,
				17D0C5D929E575CA00E6CE0A /* AuthenticationService.swift in Sources */,
				17D0C62A29E892F000E6CE0A /* BackButton.swift in Sources */,
				171AFEFF29E5394400FBFC05 /* SwiftUIStringRepresentableInitable.swift in Sources */,
				1709DAEC2A18A466009180C0 /* ContractsCoordinator+Factory.swift in Sources */,
				171AFF0D29E5394400FBFC05 /* Color+Colors.swift in Sources */,
				17D0C64229EDDD9000E6CE0A /* Environment+Custom.swift in Sources */,
				171AFEC329E5310200FBFC05 /* projecthelper.swift in Sources */,
				171AFEFB29E5394400FBFC05 /* UIKitStringBundleInitable.swift in Sources */,
				171AFF0E29E5394400FBFC05 /* Image+Assets.swift in Sources */,
				17A04EE82A164ECE00DA0386 /* MainCoordinator+Factory.swift in Sources */,
				17D0C5DE29E591CA00E6CE0A /* EmailCheckView.swift in Sources */,
				17D0C61129E82C8D00E6CE0A /* ButtonStyles.swift in Sources */,
				171AFF3929E5456500FBFC05 /* StorageService.swift in Sources */,
				17D0C63929EAC0B800E6CE0A /* AuthCoordinator.swift in Sources */,
				1709DAD82A179C5F009180C0 /* TabBarShape.swift in Sources */,
				171AFF3729E5454000FBFC05 /* NetworkService.swift in Sources */,
				171AFF0229E5394400FBFC05 /* LocalizableStringKeys.swift in Sources */,
				171AFF3129E544CA00FBFC05 /* LoginViewModel.swift in Sources */,
				171AFF0529E5394400FBFC05 /* ColorName.swift in Sources */,
				17D0C62D29E8960000E6CE0A /* NavigationBar.swift in Sources */,
				17D0C62629E8318800E6CE0A /* VerticalImageTextButton.swift in Sources */,
				176C21262A02452400CF7216 /* String+Extensions.swift in Sources */,
				171AFF0629E5394400FBFC05 /* UIKit+UIFont-Functions.swift in Sources */,
				176C21242A00DF4300CF7216 /* PlaceholderTextfield.swift in Sources */,
				171AFF0429E5394400FBFC05 /* FontType.swift in Sources */,
				17A04EEB2A1651C500DA0386 /* TabBarView.swift in Sources */,
				171AFEFD29E5394400FBFC05 /* LocalizableStringKey.swift in Sources */,
				171AFF0329E5394400FBFC05 /* AssetName.swift in Sources */,
				17A04EE62A164EC300DA0386 /* MainCoordinator.swift in Sources */,
				17A04EE02A164BAE00DA0386 /* AppViewModel.swift in Sources */,
				171AFEFE29E5394400FBFC05 /* StringRepresentableInitable.swift in Sources */,
				17D0C5E529E599B300E6CE0A /* LaunchScreenView.swift in Sources */,
				171AFE9129E407FE00FBFC05 /* App.swift in Sources */,
				1709DAD22A16AB5A009180C0 /* TabItem.swift in Sources */,
				171AFF0C29E5394400FBFC05 /* SwiftUI+Font-Vars.swift in Sources */,
				1709DADE2A18A40F009180C0 /* HomeCoordinator.swift in Sources */,
				171AFF0B29E5394400FBFC05 /* SwiftUI+Font-Functions.swift in Sources */,
				176C212B2A02483A00CF7216 /* Transition+Extensions.swift in Sources */,
				1709DAF12A18A489009180C0 /* HomeView.swift in Sources */,
				17D0C62F29EA63C800E6CE0A /* NavigationBar+Extensions.swift in Sources */,
				17D0C5E829E684AB00E6CE0A /* LoadingView.swift in Sources */,
				1709DAD42A179B36009180C0 /* TabBarViewModel.swift in Sources */,
				1709DAEA2A18A45B009180C0 /* OffersCoordinator+Factory.swift in Sources */,
				171AFF0029E5394400FBFC05 /* SwiftUIStringBundleInitable.swift in Sources */,
			);
			runOnlyForDeploymentPostprocessing = 0;
		};
		171AFE9929E4080000FBFC05 /* Sources */ = {
			isa = PBXSourcesBuildPhase;
			buildActionMask = 2147483647;
			files = (
				171AFEA229E4080000FBFC05 /* PVCWindowsGeneratorTests.swift in Sources */,
			);
			runOnlyForDeploymentPostprocessing = 0;
		};
		171AFEA329E4080000FBFC05 /* Sources */ = {
			isa = PBXSourcesBuildPhase;
			buildActionMask = 2147483647;
			files = (
				171AFEAE29E4080000FBFC05 /* PVCWindowsGeneratorUITestsLaunchTests.swift in Sources */,
				171AFEAC29E4080000FBFC05 /* PVCWindowsGeneratorUITests.swift in Sources */,
			);
			runOnlyForDeploymentPostprocessing = 0;
		};
/* End PBXSourcesBuildPhase section */

/* Begin PBXTargetDependency section */
		171AFE9F29E4080000FBFC05 /* PBXTargetDependency */ = {
			isa = PBXTargetDependency;
			target = 171AFE8C29E407FE00FBFC05 /* PVCWindowsGenerator */;
			targetProxy = 171AFE9E29E4080000FBFC05 /* PBXContainerItemProxy */;
		};
		171AFEA929E4080000FBFC05 /* PBXTargetDependency */ = {
			isa = PBXTargetDependency;
			target = 171AFE8C29E407FE00FBFC05 /* PVCWindowsGenerator */;
			targetProxy = 171AFEA829E4080000FBFC05 /* PBXContainerItemProxy */;
		};
/* End PBXTargetDependency section */

/* Begin PBXVariantGroup section */
		171AFEDC29E5391700FBFC05 /* Localizable.strings */ = {
			isa = PBXVariantGroup;
			children = (
				171AFEDB29E5391700FBFC05 /* en */,
			);
			name = Localizable.strings;
			sourceTree = "<group>";
		};
/* End PBXVariantGroup section */

/* Begin XCBuildConfiguration section */
		171AFEAF29E4080000FBFC05 /* Debug */ = {
			isa = XCBuildConfiguration;
			buildSettings = {
				ALWAYS_SEARCH_USER_PATHS = NO;
				CLANG_ANALYZER_NONNULL = YES;
				CLANG_ANALYZER_NUMBER_OBJECT_CONVERSION = YES_AGGRESSIVE;
				CLANG_CXX_LANGUAGE_STANDARD = "gnu++20";
				CLANG_ENABLE_MODULES = YES;
				CLANG_ENABLE_OBJC_ARC = YES;
				CLANG_ENABLE_OBJC_WEAK = YES;
				CLANG_WARN_BLOCK_CAPTURE_AUTORELEASING = YES;
				CLANG_WARN_BOOL_CONVERSION = YES;
				CLANG_WARN_COMMA = YES;
				CLANG_WARN_CONSTANT_CONVERSION = YES;
				CLANG_WARN_DEPRECATED_OBJC_IMPLEMENTATIONS = YES;
				CLANG_WARN_DIRECT_OBJC_ISA_USAGE = YES_ERROR;
				CLANG_WARN_DOCUMENTATION_COMMENTS = YES;
				CLANG_WARN_EMPTY_BODY = YES;
				CLANG_WARN_ENUM_CONVERSION = YES;
				CLANG_WARN_INFINITE_RECURSION = YES;
				CLANG_WARN_INT_CONVERSION = YES;
				CLANG_WARN_NON_LITERAL_NULL_CONVERSION = YES;
				CLANG_WARN_OBJC_IMPLICIT_RETAIN_SELF = YES;
				CLANG_WARN_OBJC_LITERAL_CONVERSION = YES;
				CLANG_WARN_OBJC_ROOT_CLASS = YES_ERROR;
				CLANG_WARN_QUOTED_INCLUDE_IN_FRAMEWORK_HEADER = YES;
				CLANG_WARN_RANGE_LOOP_ANALYSIS = YES;
				CLANG_WARN_STRICT_PROTOTYPES = YES;
				CLANG_WARN_SUSPICIOUS_MOVE = YES;
				CLANG_WARN_UNGUARDED_AVAILABILITY = YES_AGGRESSIVE;
				CLANG_WARN_UNREACHABLE_CODE = YES;
				CLANG_WARN__DUPLICATE_METHOD_MATCH = YES;
				COPY_PHASE_STRIP = NO;
				DEBUG_INFORMATION_FORMAT = dwarf;
				ENABLE_STRICT_OBJC_MSGSEND = YES;
				ENABLE_TESTABILITY = YES;
				GCC_C_LANGUAGE_STANDARD = gnu11;
				GCC_DYNAMIC_NO_PIC = NO;
				GCC_NO_COMMON_BLOCKS = YES;
				GCC_OPTIMIZATION_LEVEL = 0;
				GCC_PREPROCESSOR_DEFINITIONS = (
					"DEBUG=1",
					"$(inherited)",
				);
				GCC_WARN_64_TO_32_BIT_CONVERSION = YES;
				GCC_WARN_ABOUT_RETURN_TYPE = YES_ERROR;
				GCC_WARN_UNDECLARED_SELECTOR = YES;
				GCC_WARN_UNINITIALIZED_AUTOS = YES_AGGRESSIVE;
				GCC_WARN_UNUSED_FUNCTION = YES;
				GCC_WARN_UNUSED_VARIABLE = YES;
				IPHONEOS_DEPLOYMENT_TARGET = 16.0;
				MTL_ENABLE_DEBUG_INFO = INCLUDE_SOURCE;
				MTL_FAST_MATH = YES;
				ONLY_ACTIVE_ARCH = YES;
				SDKROOT = iphoneos;
				SWIFT_ACTIVE_COMPILATION_CONDITIONS = DEBUG;
				SWIFT_OPTIMIZATION_LEVEL = "-Onone";
			};
			name = Debug;
		};
		171AFEB029E4080000FBFC05 /* Release */ = {
			isa = XCBuildConfiguration;
			buildSettings = {
				ALWAYS_SEARCH_USER_PATHS = NO;
				CLANG_ANALYZER_NONNULL = YES;
				CLANG_ANALYZER_NUMBER_OBJECT_CONVERSION = YES_AGGRESSIVE;
				CLANG_CXX_LANGUAGE_STANDARD = "gnu++20";
				CLANG_ENABLE_MODULES = YES;
				CLANG_ENABLE_OBJC_ARC = YES;
				CLANG_ENABLE_OBJC_WEAK = YES;
				CLANG_WARN_BLOCK_CAPTURE_AUTORELEASING = YES;
				CLANG_WARN_BOOL_CONVERSION = YES;
				CLANG_WARN_COMMA = YES;
				CLANG_WARN_CONSTANT_CONVERSION = YES;
				CLANG_WARN_DEPRECATED_OBJC_IMPLEMENTATIONS = YES;
				CLANG_WARN_DIRECT_OBJC_ISA_USAGE = YES_ERROR;
				CLANG_WARN_DOCUMENTATION_COMMENTS = YES;
				CLANG_WARN_EMPTY_BODY = YES;
				CLANG_WARN_ENUM_CONVERSION = YES;
				CLANG_WARN_INFINITE_RECURSION = YES;
				CLANG_WARN_INT_CONVERSION = YES;
				CLANG_WARN_NON_LITERAL_NULL_CONVERSION = YES;
				CLANG_WARN_OBJC_IMPLICIT_RETAIN_SELF = YES;
				CLANG_WARN_OBJC_LITERAL_CONVERSION = YES;
				CLANG_WARN_OBJC_ROOT_CLASS = YES_ERROR;
				CLANG_WARN_QUOTED_INCLUDE_IN_FRAMEWORK_HEADER = YES;
				CLANG_WARN_RANGE_LOOP_ANALYSIS = YES;
				CLANG_WARN_STRICT_PROTOTYPES = YES;
				CLANG_WARN_SUSPICIOUS_MOVE = YES;
				CLANG_WARN_UNGUARDED_AVAILABILITY = YES_AGGRESSIVE;
				CLANG_WARN_UNREACHABLE_CODE = YES;
				CLANG_WARN__DUPLICATE_METHOD_MATCH = YES;
				COPY_PHASE_STRIP = NO;
				DEBUG_INFORMATION_FORMAT = "dwarf-with-dsym";
				ENABLE_NS_ASSERTIONS = NO;
				ENABLE_STRICT_OBJC_MSGSEND = YES;
				GCC_C_LANGUAGE_STANDARD = gnu11;
				GCC_NO_COMMON_BLOCKS = YES;
				GCC_WARN_64_TO_32_BIT_CONVERSION = YES;
				GCC_WARN_ABOUT_RETURN_TYPE = YES_ERROR;
				GCC_WARN_UNDECLARED_SELECTOR = YES;
				GCC_WARN_UNINITIALIZED_AUTOS = YES_AGGRESSIVE;
				GCC_WARN_UNUSED_FUNCTION = YES;
				GCC_WARN_UNUSED_VARIABLE = YES;
				IPHONEOS_DEPLOYMENT_TARGET = 16.0;
				MTL_ENABLE_DEBUG_INFO = NO;
				MTL_FAST_MATH = YES;
				SDKROOT = iphoneos;
				SWIFT_COMPILATION_MODE = wholemodule;
				SWIFT_OPTIMIZATION_LEVEL = "-O";
				VALIDATE_PRODUCT = YES;
			};
			name = Release;
		};
		171AFEB229E4080000FBFC05 /* Debug */ = {
			isa = XCBuildConfiguration;
			buildSettings = {
				ASSETCATALOG_COMPILER_APPICON_NAME = AppIcon;
				ASSETCATALOG_COMPILER_GLOBAL_ACCENT_COLOR_NAME = AccentColor;
				CODE_SIGN_STYLE = Automatic;
				CURRENT_PROJECT_VERSION = 1;
				DEVELOPMENT_ASSET_PATHS = "\"PVCWindowsGenerator/Preview Content\"";
				DEVELOPMENT_TEAM = H5NHLV9PF7;
				ENABLE_PREVIEWS = YES;
				GENERATE_INFOPLIST_FILE = YES;
				INFOPLIST_FILE = PVCWindowsGenerator/Info.plist;
				INFOPLIST_KEY_LSApplicationCategoryType = "public.app-category.productivity";
				INFOPLIST_KEY_UIApplicationSupportsIndirectInputEvents = YES;
				INFOPLIST_KEY_UILaunchScreen_Generation = YES;
				INFOPLIST_KEY_UIStatusBarStyle = UIStatusBarStyleDarkContent;
				INFOPLIST_KEY_UISupportedInterfaceOrientations = UIInterfaceOrientationPortrait;
				INFOPLIST_KEY_UISupportedInterfaceOrientations_iPad = "UIInterfaceOrientationLandscapeLeft UIInterfaceOrientationLandscapeRight UIInterfaceOrientationPortrait UIInterfaceOrientationPortraitUpsideDown";
				INFOPLIST_KEY_UIUserInterfaceStyle = Light;
				IPHONEOS_DEPLOYMENT_TARGET = 16.0;
				LD_RUNPATH_SEARCH_PATHS = (
					"$(inherited)",
					"@executable_path/Frameworks",
				);
				MARKETING_VERSION = 0.1;
				PRODUCT_BUNDLE_IDENTIFIER = com.alexbofu.PVCWindowsGenerator;
				PRODUCT_NAME = "$(TARGET_NAME)";
				SWIFT_EMIT_LOC_STRINGS = YES;
				SWIFT_VERSION = 5.0;
				TARGETED_DEVICE_FAMILY = "1,2";
			};
			name = Debug;
		};
		171AFEB329E4080000FBFC05 /* Release */ = {
			isa = XCBuildConfiguration;
			buildSettings = {
				ASSETCATALOG_COMPILER_APPICON_NAME = AppIcon;
				ASSETCATALOG_COMPILER_GLOBAL_ACCENT_COLOR_NAME = AccentColor;
				CODE_SIGN_STYLE = Automatic;
				CURRENT_PROJECT_VERSION = 1;
				DEVELOPMENT_ASSET_PATHS = "\"PVCWindowsGenerator/Preview Content\"";
				DEVELOPMENT_TEAM = H5NHLV9PF7;
				ENABLE_PREVIEWS = YES;
				GENERATE_INFOPLIST_FILE = YES;
				INFOPLIST_FILE = PVCWindowsGenerator/Info.plist;
				INFOPLIST_KEY_LSApplicationCategoryType = "public.app-category.productivity";
				INFOPLIST_KEY_UIApplicationSupportsIndirectInputEvents = YES;
				INFOPLIST_KEY_UILaunchScreen_Generation = YES;
				INFOPLIST_KEY_UIStatusBarStyle = UIStatusBarStyleDarkContent;
				INFOPLIST_KEY_UISupportedInterfaceOrientations = UIInterfaceOrientationPortrait;
				INFOPLIST_KEY_UISupportedInterfaceOrientations_iPad = "UIInterfaceOrientationLandscapeLeft UIInterfaceOrientationLandscapeRight UIInterfaceOrientationPortrait UIInterfaceOrientationPortraitUpsideDown";
				INFOPLIST_KEY_UIUserInterfaceStyle = Light;
				IPHONEOS_DEPLOYMENT_TARGET = 16.0;
				LD_RUNPATH_SEARCH_PATHS = (
					"$(inherited)",
					"@executable_path/Frameworks",
				);
				MARKETING_VERSION = 0.1;
				PRODUCT_BUNDLE_IDENTIFIER = com.alexbofu.PVCWindowsGenerator;
				PRODUCT_NAME = "$(TARGET_NAME)";
				SWIFT_EMIT_LOC_STRINGS = YES;
				SWIFT_VERSION = 5.0;
				TARGETED_DEVICE_FAMILY = "1,2";
			};
			name = Release;
		};
		171AFEB529E4080000FBFC05 /* Debug */ = {
			isa = XCBuildConfiguration;
			buildSettings = {
				ALWAYS_EMBED_SWIFT_STANDARD_LIBRARIES = YES;
				BUNDLE_LOADER = "$(TEST_HOST)";
				CODE_SIGN_STYLE = Automatic;
				CURRENT_PROJECT_VERSION = 1;
				DEVELOPMENT_TEAM = A238F2XKGT;
				GENERATE_INFOPLIST_FILE = YES;
				IPHONEOS_DEPLOYMENT_TARGET = 16.0;
				MARKETING_VERSION = 1.0;
				PRODUCT_BUNDLE_IDENTIFIER = com.alexbofu.PVCWindowsGeneratorTests;
				PRODUCT_NAME = "$(TARGET_NAME)";
				SWIFT_EMIT_LOC_STRINGS = NO;
				SWIFT_VERSION = 5.0;
				TARGETED_DEVICE_FAMILY = "1,2";
				TEST_HOST = "$(BUILT_PRODUCTS_DIR)/PVCWindowsGenerator.app/$(BUNDLE_EXECUTABLE_FOLDER_PATH)/PVCWindowsGenerator";
			};
			name = Debug;
		};
		171AFEB629E4080000FBFC05 /* Release */ = {
			isa = XCBuildConfiguration;
			buildSettings = {
				ALWAYS_EMBED_SWIFT_STANDARD_LIBRARIES = YES;
				BUNDLE_LOADER = "$(TEST_HOST)";
				CODE_SIGN_STYLE = Automatic;
				CURRENT_PROJECT_VERSION = 1;
				DEVELOPMENT_TEAM = A238F2XKGT;
				GENERATE_INFOPLIST_FILE = YES;
				IPHONEOS_DEPLOYMENT_TARGET = 16.0;
				MARKETING_VERSION = 1.0;
				PRODUCT_BUNDLE_IDENTIFIER = com.alexbofu.PVCWindowsGeneratorTests;
				PRODUCT_NAME = "$(TARGET_NAME)";
				SWIFT_EMIT_LOC_STRINGS = NO;
				SWIFT_VERSION = 5.0;
				TARGETED_DEVICE_FAMILY = "1,2";
				TEST_HOST = "$(BUILT_PRODUCTS_DIR)/PVCWindowsGenerator.app/$(BUNDLE_EXECUTABLE_FOLDER_PATH)/PVCWindowsGenerator";
			};
			name = Release;
		};
		171AFEB829E4080000FBFC05 /* Debug */ = {
			isa = XCBuildConfiguration;
			buildSettings = {
				ALWAYS_EMBED_SWIFT_STANDARD_LIBRARIES = YES;
				CODE_SIGN_STYLE = Automatic;
				CURRENT_PROJECT_VERSION = 1;
				DEVELOPMENT_TEAM = A238F2XKGT;
				GENERATE_INFOPLIST_FILE = YES;
				MARKETING_VERSION = 1.0;
				PRODUCT_BUNDLE_IDENTIFIER = com.alexbofu.PVCWindowsGeneratorUITests;
				PRODUCT_NAME = "$(TARGET_NAME)";
				SWIFT_EMIT_LOC_STRINGS = NO;
				SWIFT_VERSION = 5.0;
				TARGETED_DEVICE_FAMILY = "1,2";
				TEST_TARGET_NAME = PVCWindowsGenerator;
			};
			name = Debug;
		};
		171AFEB929E4080000FBFC05 /* Release */ = {
			isa = XCBuildConfiguration;
			buildSettings = {
				ALWAYS_EMBED_SWIFT_STANDARD_LIBRARIES = YES;
				CODE_SIGN_STYLE = Automatic;
				CURRENT_PROJECT_VERSION = 1;
				DEVELOPMENT_TEAM = A238F2XKGT;
				GENERATE_INFOPLIST_FILE = YES;
				MARKETING_VERSION = 1.0;
				PRODUCT_BUNDLE_IDENTIFIER = com.alexbofu.PVCWindowsGeneratorUITests;
				PRODUCT_NAME = "$(TARGET_NAME)";
				SWIFT_EMIT_LOC_STRINGS = NO;
				SWIFT_VERSION = 5.0;
				TARGETED_DEVICE_FAMILY = "1,2";
				TEST_TARGET_NAME = PVCWindowsGenerator;
			};
			name = Release;
		};
/* End XCBuildConfiguration section */

/* Begin XCConfigurationList section */
		171AFE8829E407FE00FBFC05 /* Build configuration list for PBXProject "PVCWindowsGenerator" */ = {
			isa = XCConfigurationList;
			buildConfigurations = (
				171AFEAF29E4080000FBFC05 /* Debug */,
				171AFEB029E4080000FBFC05 /* Release */,
			);
			defaultConfigurationIsVisible = 0;
			defaultConfigurationName = Release;
		};
		171AFEB129E4080000FBFC05 /* Build configuration list for PBXNativeTarget "PVCWindowsGenerator" */ = {
			isa = XCConfigurationList;
			buildConfigurations = (
				171AFEB229E4080000FBFC05 /* Debug */,
				171AFEB329E4080000FBFC05 /* Release */,
			);
			defaultConfigurationIsVisible = 0;
			defaultConfigurationName = Release;
		};
		171AFEB429E4080000FBFC05 /* Build configuration list for PBXNativeTarget "PVCWindowsGeneratorTests" */ = {
			isa = XCConfigurationList;
			buildConfigurations = (
				171AFEB529E4080000FBFC05 /* Debug */,
				171AFEB629E4080000FBFC05 /* Release */,
			);
			defaultConfigurationIsVisible = 0;
			defaultConfigurationName = Release;
		};
		171AFEB729E4080000FBFC05 /* Build configuration list for PBXNativeTarget "PVCWindowsGeneratorUITests" */ = {
			isa = XCConfigurationList;
			buildConfigurations = (
				171AFEB829E4080000FBFC05 /* Debug */,
				171AFEB929E4080000FBFC05 /* Release */,
			);
			defaultConfigurationIsVisible = 0;
			defaultConfigurationName = Release;
		};
/* End XCConfigurationList section */

/* Begin XCRemoteSwiftPackageReference section */
		171AFF3E29E547F700FBFC05 /* XCRemoteSwiftPackageReference "firebase-ios-sdk" */ = {
			isa = XCRemoteSwiftPackageReference;
			repositoryURL = "https://github.com/firebase/firebase-ios-sdk.git";
			requirement = {
				kind = upToNextMajorVersion;
				minimumVersion = 10.0.0;
			};
		};
		17D0C63C29EB38CF00E6CE0A /* XCRemoteSwiftPackageReference "stinsen" */ = {
			isa = XCRemoteSwiftPackageReference;
			repositoryURL = "https://github.com/rundfunk47/stinsen";
			requirement = {
				kind = upToNextMajorVersion;
				minimumVersion = 2.0.0;
			};
		};
/* End XCRemoteSwiftPackageReference section */

/* Begin XCSwiftPackageProductDependency section */
		171AFF3F29E547F700FBFC05 /* FirebaseAnalyticsSwift */ = {
			isa = XCSwiftPackageProductDependency;
			package = 171AFF3E29E547F700FBFC05 /* XCRemoteSwiftPackageReference "firebase-ios-sdk" */;
			productName = FirebaseAnalyticsSwift;
		};
		171AFF4129E547F700FBFC05 /* FirebaseAuth */ = {
			isa = XCSwiftPackageProductDependency;
			package = 171AFF3E29E547F700FBFC05 /* XCRemoteSwiftPackageReference "firebase-ios-sdk" */;
			productName = FirebaseAuth;
		};
		171AFF4329E547F700FBFC05 /* FirebaseCrashlytics */ = {
			isa = XCSwiftPackageProductDependency;
			package = 171AFF3E29E547F700FBFC05 /* XCRemoteSwiftPackageReference "firebase-ios-sdk" */;
			productName = FirebaseCrashlytics;
		};
		171AFF4529E547F700FBFC05 /* FirebaseDatabaseSwift */ = {
			isa = XCSwiftPackageProductDependency;
			package = 171AFF3E29E547F700FBFC05 /* XCRemoteSwiftPackageReference "firebase-ios-sdk" */;
			productName = FirebaseDatabaseSwift;
		};
		17D0C63D29EB38CF00E6CE0A /* Stinsen */ = {
			isa = XCSwiftPackageProductDependency;
			package = 17D0C63C29EB38CF00E6CE0A /* XCRemoteSwiftPackageReference "stinsen" */;
			productName = Stinsen;
		};
/* End XCSwiftPackageProductDependency section */
	};
	rootObject = 171AFE8529E407FE00FBFC05 /* Project object */;
}
