// !$*UTF8*$!
{
	archiveVersion = 1;
	classes = {
	};
	objectVersion = 56;
	objects = {

/* Begin PBXBuildFile section */
		171AFE9129E407FE00FBFC05 /* PVCWindowsGeneratorApp.swift in Sources */ = {isa = PBXBuildFile; fileRef = 171AFE9029E407FE00FBFC05 /* PVCWindowsGeneratorApp.swift */; };
		171AFE9329E407FE00FBFC05 /* ContentView.swift in Sources */ = {isa = PBXBuildFile; fileRef = 171AFE9229E407FE00FBFC05 /* ContentView.swift */; };
		171AFE9529E4080000FBFC05 /* Assets.xcassets in Resources */ = {isa = PBXBuildFile; fileRef = 171AFE9429E4080000FBFC05 /* Assets.xcassets */; };
		171AFE9829E4080000FBFC05 /* Preview Assets.xcassets in Resources */ = {isa = PBXBuildFile; fileRef = 171AFE9729E4080000FBFC05 /* Preview Assets.xcassets */; };
		171AFEA229E4080000FBFC05 /* PVCWindowsGeneratorTests.swift in Sources */ = {isa = PBXBuildFile; fileRef = 171AFEA129E4080000FBFC05 /* PVCWindowsGeneratorTests.swift */; };
		171AFEAC29E4080000FBFC05 /* PVCWindowsGeneratorUITests.swift in Sources */ = {isa = PBXBuildFile; fileRef = 171AFEAB29E4080000FBFC05 /* PVCWindowsGeneratorUITests.swift */; };
		171AFEAE29E4080000FBFC05 /* PVCWindowsGeneratorUITestsLaunchTests.swift in Sources */ = {isa = PBXBuildFile; fileRef = 171AFEAD29E4080000FBFC05 /* PVCWindowsGeneratorUITestsLaunchTests.swift */; };
/* End PBXBuildFile section */

/* Begin PBXContainerItemProxy section */
		171AFE9E29E4080000FBFC05 /* PBXContainerItemProxy */ = {
			isa = PBXContainerItemProxy;
			containerPortal = 171AFE8529E407FE00FBFC05 /* Project object */;
			proxyType = 1;
			remoteGlobalIDString = 171AFE8C29E407FE00FBFC05;
			remoteInfo = PVCWindowsGenerator;
		};
		171AFEA829E4080000FBFC05 /* PBXContainerItemProxy */ = {
			isa = PBXContainerItemProxy;
			containerPortal = 171AFE8529E407FE00FBFC05 /* Project object */;
			proxyType = 1;
			remoteGlobalIDString = 171AFE8C29E407FE00FBFC05;
			remoteInfo = PVCWindowsGenerator;
		};
/* End PBXContainerItemProxy section */

/* Begin PBXFileReference section */
		171AFE8D29E407FE00FBFC05 /* PVCWindowsGenerator.app */ = {isa = PBXFileReference; explicitFileType = wrapper.application; includeInIndex = 0; path = PVCWindowsGenerator.app; sourceTree = BUILT_PRODUCTS_DIR; };
		171AFE9029E407FE00FBFC05 /* PVCWindowsGeneratorApp.swift */ = {isa = PBXFileReference; lastKnownFileType = sourcecode.swift; path = PVCWindowsGeneratorApp.swift; sourceTree = "<group>"; };
		171AFE9229E407FE00FBFC05 /* ContentView.swift */ = {isa = PBXFileReference; lastKnownFileType = sourcecode.swift; path = ContentView.swift; sourceTree = "<group>"; };
		171AFE9429E4080000FBFC05 /* Assets.xcassets */ = {isa = PBXFileReference; lastKnownFileType = folder.assetcatalog; path = Assets.xcassets; sourceTree = "<group>"; };
		171AFE9729E4080000FBFC05 /* Preview Assets.xcassets */ = {isa = PBXFileReference; lastKnownFileType = folder.assetcatalog; path = "Preview Assets.xcassets"; sourceTree = "<group>"; };
		171AFE9D29E4080000FBFC05 /* PVCWindowsGeneratorTests.xctest */ = {isa = PBXFileReference; explicitFileType = wrapper.cfbundle; includeInIndex = 0; path = PVCWindowsGeneratorTests.xctest; sourceTree = BUILT_PRODUCTS_DIR; };
		171AFEA129E4080000FBFC05 /* PVCWindowsGeneratorTests.swift */ = {isa = PBXFileReference; lastKnownFileType = sourcecode.swift; path = PVCWindowsGeneratorTests.swift; sourceTree = "<group>"; };
		171AFEA729E4080000FBFC05 /* PVCWindowsGeneratorUITests.xctest */ = {isa = PBXFileReference; explicitFileType = wrapper.cfbundle; includeInIndex = 0; path = PVCWindowsGeneratorUITests.xctest; sourceTree = BUILT_PRODUCTS_DIR; };
		171AFEAB29E4080000FBFC05 /* PVCWindowsGeneratorUITests.swift */ = {isa = PBXFileReference; lastKnownFileType = sourcecode.swift; path = PVCWindowsGeneratorUITests.swift; sourceTree = "<group>"; };
		171AFEAD29E4080000FBFC05 /* PVCWindowsGeneratorUITestsLaunchTests.swift */ = {isa = PBXFileReference; lastKnownFileType = sourcecode.swift; path = PVCWindowsGeneratorUITestsLaunchTests.swift; sourceTree = "<group>"; };
/* End PBXFileReference section */

/* Begin PBXFrameworksBuildPhase section */
		171AFE8A29E407FE00FBFC05 /* Frameworks */ = {
			isa = PBXFrameworksBuildPhase;
			buildActionMask = 2147483647;
			files = (
			);
			runOnlyForDeploymentPostprocessing = 0;
		};
		171AFE9A29E4080000FBFC05 /* Frameworks */ = {
			isa = PBXFrameworksBuildPhase;
			buildActionMask = 2147483647;
			files = (
			);
			runOnlyForDeploymentPostprocessing = 0;
		};
		171AFEA429E4080000FBFC05 /* Frameworks */ = {
			isa = PBXFrameworksBuildPhase;
			buildActionMask = 2147483647;
			files = (
			);
			runOnlyForDeploymentPostprocessing = 0;
		};
/* End PBXFrameworksBuildPhase section */

/* Begin PBXGroup section */
		171AFE8429E407FE00FBFC05 = {
			isa = PBXGroup;
			children = (
				171AFE8F29E407FE00FBFC05 /* PVCWindowsGenerator */,
				171AFEA029E4080000FBFC05 /* PVCWindowsGeneratorTests */,
				171AFEAA29E4080000FBFC05 /* PVCWindowsGeneratorUITests */,
				171AFE8E29E407FE00FBFC05 /* Products */,
			);
			sourceTree = "<group>";
		};
		171AFE8E29E407FE00FBFC05 /* Products */ = {
			isa = PBXGroup;
			children = (
				171AFE8D29E407FE00FBFC05 /* PVCWindowsGenerator.app */,
				171AFE9D29E4080000FBFC05 /* PVCWindowsGeneratorTests.xctest */,
				171AFEA729E4080000FBFC05 /* PVCWindowsGeneratorUITests.xctest */,
			);
			name = Products;
			sourceTree = "<group>";
		};
		171AFE8F29E407FE00FBFC05 /* PVCWindowsGenerator */ = {
			isa = PBXGroup;
			children = (
				171AFE9029E407FE00FBFC05 /* PVCWindowsGeneratorApp.swift */,
				171AFE9229E407FE00FBFC05 /* ContentView.swift */,
				171AFE9429E4080000FBFC05 /* Assets.xcassets */,
				171AFE9629E4080000FBFC05 /* Preview Content */,
			);
			path = PVCWindowsGenerator;
			sourceTree = "<group>";
		};
		171AFE9629E4080000FBFC05 /* Preview Content */ = {
			isa = PBXGroup;
			children = (
				171AFE9729E4080000FBFC05 /* Preview Assets.xcassets */,
			);
			path = "Preview Content";
			sourceTree = "<group>";
		};
		171AFEA029E4080000FBFC05 /* PVCWindowsGeneratorTests */ = {
			isa = PBXGroup;
			children = (
				171AFEA129E4080000FBFC05 /* PVCWindowsGeneratorTests.swift */,
			);
			path = PVCWindowsGeneratorTests;
			sourceTree = "<group>";
		};
		171AFEAA29E4080000FBFC05 /* PVCWindowsGeneratorUITests */ = {
			isa = PBXGroup;
			children = (
				171AFEAB29E4080000FBFC05 /* PVCWindowsGeneratorUITests.swift */,
				171AFEAD29E4080000FBFC05 /* PVCWindowsGeneratorUITestsLaunchTests.swift */,
			);
			path = PVCWindowsGeneratorUITests;
			sourceTree = "<group>";
		};
/* End PBXGroup section */

/* Begin PBXNativeTarget section */
		171AFE8C29E407FE00FBFC05 /* PVCWindowsGenerator */ = {
			isa = PBXNativeTarget;
			buildConfigurationList = 171AFEB129E4080000FBFC05 /* Build configuration list for PBXNativeTarget "PVCWindowsGenerator" */;
			buildPhases = (
				171AFE8929E407FE00FBFC05 /* Sources */,
				171AFE8A29E407FE00FBFC05 /* Frameworks */,
				171AFE8B29E407FE00FBFC05 /* Resources */,
			);
			buildRules = (
			);
			dependencies = (
			);
			name = PVCWindowsGenerator;
			productName = PVCWindowsGenerator;
			productReference = 171AFE8D29E407FE00FBFC05 /* PVCWindowsGenerator.app */;
			productType = "com.apple.product-type.application";
		};
		171AFE9C29E4080000FBFC05 /* PVCWindowsGeneratorTests */ = {
			isa = PBXNativeTarget;
			buildConfigurationList = 171AFEB429E4080000FBFC05 /* Build configuration list for PBXNativeTarget "PVCWindowsGeneratorTests" */;
			buildPhases = (
				171AFE9929E4080000FBFC05 /* Sources */,
				171AFE9A29E4080000FBFC05 /* Frameworks */,
				171AFE9B29E4080000FBFC05 /* Resources */,
			);
			buildRules = (
			);
			dependencies = (
				171AFE9F29E4080000FBFC05 /* PBXTargetDependency */,
			);
			name = PVCWindowsGeneratorTests;
			productName = PVCWindowsGeneratorTests;
			productReference = 171AFE9D29E4080000FBFC05 /* PVCWindowsGeneratorTests.xctest */;
			productType = "com.apple.product-type.bundle.unit-test";
		};
		171AFEA629E4080000FBFC05 /* PVCWindowsGeneratorUITests */ = {
			isa = PBXNativeTarget;
			buildConfigurationList = 171AFEB729E4080000FBFC05 /* Build configuration list for PBXNativeTarget "PVCWindowsGeneratorUITests" */;
			buildPhases = (
				171AFEA329E4080000FBFC05 /* Sources */,
				171AFEA429E4080000FBFC05 /* Frameworks */,
				171AFEA529E4080000FBFC05 /* Resources */,
			);
			buildRules = (
			);
			dependencies = (
				171AFEA929E4080000FBFC05 /* PBXTargetDependency */,
			);
			name = PVCWindowsGeneratorUITests;
			productName = PVCWindowsGeneratorUITests;
			productReference = 171AFEA729E4080000FBFC05 /* PVCWindowsGeneratorUITests.xctest */;
			productType = "com.apple.product-type.bundle.ui-testing";
		};
/* End PBXNativeTarget section */

/* Begin PBXProject section */
		171AFE8529E407FE00FBFC05 /* Project object */ = {
			isa = PBXProject;
			attributes = {
				BuildIndependentTargetsInParallel = 1;
				LastSwiftUpdateCheck = 1430;
				LastUpgradeCheck = 1430;
				TargetAttributes = {
					171AFE8C29E407FE00FBFC05 = {
						CreatedOnToolsVersion = 14.3;
					};
					171AFE9C29E4080000FBFC05 = {
						CreatedOnToolsVersion = 14.3;
						TestTargetID = 171AFE8C29E407FE00FBFC05;
					};
					171AFEA629E4080000FBFC05 = {
						CreatedOnToolsVersion = 14.3;
						TestTargetID = 171AFE8C29E407FE00FBFC05;
					};
				};
			};
			buildConfigurationList = 171AFE8829E407FE00FBFC05 /* Build configuration list for PBXProject "PVCWindowsGenerator" */;
			compatibilityVersion = "Xcode 14.0";
			developmentRegion = en;
			hasScannedForEncodings = 0;
			knownRegions = (
				en,
				Base,
			);
			mainGroup = 171AFE8429E407FE00FBFC05;
			productRefGroup = 171AFE8E29E407FE00FBFC05 /* Products */;
			projectDirPath = "";
			projectRoot = "";
			targets = (
				171AFE8C29E407FE00FBFC05 /* PVCWindowsGenerator */,
				171AFE9C29E4080000FBFC05 /* PVCWindowsGeneratorTests */,
				171AFEA629E4080000FBFC05 /* PVCWindowsGeneratorUITests */,
			);
		};
/* End PBXProject section */

/* Begin PBXResourcesBuildPhase section */
		171AFE8B29E407FE00FBFC05 /* Resources */ = {
			isa = PBXResourcesBuildPhase;
			buildActionMask = 2147483647;
			files = (
				171AFE9829E4080000FBFC05 /* Preview Assets.xcassets in Resources */,
				171AFE9529E4080000FBFC05 /* Assets.xcassets in Resources */,
			);
			runOnlyForDeploymentPostprocessing = 0;
		};
		171AFE9B29E4080000FBFC05 /* Resources */ = {
			isa = PBXResourcesBuildPhase;
			buildActionMask = 2147483647;
			files = (
			);
			runOnlyForDeploymentPostprocessing = 0;
		};
		171AFEA529E4080000FBFC05 /* Resources */ = {
			isa = PBXResourcesBuildPhase;
			buildActionMask = 2147483647;
			files = (
			);
			runOnlyForDeploymentPostprocessing = 0;
		};
/* End PBXResourcesBuildPhase section */

/* Begin PBXSourcesBuildPhase section */
		171AFE8929E407FE00FBFC05 /* Sources */ = {
			isa = PBXSourcesBuildPhase;
			buildActionMask = 2147483647;
			files = (
				171AFE9329E407FE00FBFC05 /* ContentView.swift in Sources */,
				171AFE9129E407FE00FBFC05 /* PVCWindowsGeneratorApp.swift in Sources */,
			);
			runOnlyForDeploymentPostprocessing = 0;
		};
		171AFE9929E4080000FBFC05 /* Sources */ = {
			isa = PBXSourcesBuildPhase;
			buildActionMask = 2147483647;
			files = (
				171AFEA229E4080000FBFC05 /* PVCWindowsGeneratorTests.swift in Sources */,
			);
			runOnlyForDeploymentPostprocessing = 0;
		};
		171AFEA329E4080000FBFC05 /* Sources */ = {
			isa = PBXSourcesBuildPhase;
			buildActionMask = 2147483647;
			files = (
				171AFEAE29E4080000FBFC05 /* PVCWindowsGeneratorUITestsLaunchTests.swift in Sources */,
				171AFEAC29E4080000FBFC05 /* PVCWindowsGeneratorUITests.swift in Sources */,
			);
			runOnlyForDeploymentPostprocessing = 0;
		};
/* End PBXSourcesBuildPhase section */

/* Begin PBXTargetDependency section */
		171AFE9F29E4080000FBFC05 /* PBXTargetDependency */ = {
			isa = PBXTargetDependency;
			target = 171AFE8C29E407FE00FBFC05 /* PVCWindowsGenerator */;
			targetProxy = 171AFE9E29E4080000FBFC05 /* PBXContainerItemProxy */;
		};
		171AFEA929E4080000FBFC05 /* PBXTargetDependency */ = {
			isa = PBXTargetDependency;
			target = 171AFE8C29E407FE00FBFC05 /* PVCWindowsGenerator */;
			targetProxy = 171AFEA829E4080000FBFC05 /* PBXContainerItemProxy */;
		};
/* End PBXTargetDependency section */

/* Begin XCBuildConfiguration section */
		171AFEAF29E4080000FBFC05 /* Debug */ = {
			isa = XCBuildConfiguration;
			buildSettings = {
				ALWAYS_SEARCH_USER_PATHS = NO;
				CLANG_ANALYZER_NONNULL = YES;
				CLANG_ANALYZER_NUMBER_OBJECT_CONVERSION = YES_AGGRESSIVE;
				CLANG_CXX_LANGUAGE_STANDARD = "gnu++20";
				CLANG_ENABLE_MODULES = YES;
				CLANG_ENABLE_OBJC_ARC = YES;
				CLANG_ENABLE_OBJC_WEAK = YES;
				CLANG_WARN_BLOCK_CAPTURE_AUTORELEASING = YES;
				CLANG_WARN_BOOL_CONVERSION = YES;
				CLANG_WARN_COMMA = YES;
				CLANG_WARN_CONSTANT_CONVERSION = YES;
				CLANG_WARN_DEPRECATED_OBJC_IMPLEMENTATIONS = YES;
				CLANG_WARN_DIRECT_OBJC_ISA_USAGE = YES_ERROR;
				CLANG_WARN_DOCUMENTATION_COMMENTS = YES;
				CLANG_WARN_EMPTY_BODY = YES;
				CLANG_WARN_ENUM_CONVERSION = YES;
				CLANG_WARN_INFINITE_RECURSION = YES;
				CLANG_WARN_INT_CONVERSION = YES;
				CLANG_WARN_NON_LITERAL_NULL_CONVERSION = YES;
				CLANG_WARN_OBJC_IMPLICIT_RETAIN_SELF = YES;
				CLANG_WARN_OBJC_LITERAL_CONVERSION = YES;
				CLANG_WARN_OBJC_ROOT_CLASS = YES_ERROR;
				CLANG_WARN_QUOTED_INCLUDE_IN_FRAMEWORK_HEADER = YES;
				CLANG_WARN_RANGE_LOOP_ANALYSIS = YES;
				CLANG_WARN_STRICT_PROTOTYPES = YES;
				CLANG_WARN_SUSPICIOUS_MOVE = YES;
				CLANG_WARN_UNGUARDED_AVAILABILITY = YES_AGGRESSIVE;
				CLANG_WARN_UNREACHABLE_CODE = YES;
				CLANG_WARN__DUPLICATE_METHOD_MATCH = YES;
				COPY_PHASE_STRIP = NO;
				DEBUG_INFORMATION_FORMAT = dwarf;
				ENABLE_STRICT_OBJC_MSGSEND = YES;
				ENABLE_TESTABILITY = YES;
				GCC_C_LANGUAGE_STANDARD = gnu11;
				GCC_DYNAMIC_NO_PIC = NO;
				GCC_NO_COMMON_BLOCKS = YES;
				GCC_OPTIMIZATION_LEVEL = 0;
				GCC_PREPROCESSOR_DEFINITIONS = (
					"DEBUG=1",
					"$(inherited)",
				);
				GCC_WARN_64_TO_32_BIT_CONVERSION = YES;
				GCC_WARN_ABOUT_RETURN_TYPE = YES_ERROR;
				GCC_WARN_UNDECLARED_SELECTOR = YES;
				GCC_WARN_UNINITIALIZED_AUTOS = YES_AGGRESSIVE;
				GCC_WARN_UNUSED_FUNCTION = YES;
				GCC_WARN_UNUSED_VARIABLE = YES;
				IPHONEOS_DEPLOYMENT_TARGET = 16.4;
				MTL_ENABLE_DEBUG_INFO = INCLUDE_SOURCE;
				MTL_FAST_MATH = YES;
				ONLY_ACTIVE_ARCH = YES;
				SDKROOT = iphoneos;
				SWIFT_ACTIVE_COMPILATION_CONDITIONS = DEBUG;
				SWIFT_OPTIMIZATION_LEVEL = "-Onone";
			};
			name = Debug;
		};
		171AFEB029E4080000FBFC05 /* Release */ = {
			isa = XCBuildConfiguration;
			buildSettings = {
				ALWAYS_SEARCH_USER_PATHS = NO;
				CLANG_ANALYZER_NONNULL = YES;
				CLANG_ANALYZER_NUMBER_OBJECT_CONVERSION = YES_AGGRESSIVE;
				CLANG_CXX_LANGUAGE_STANDARD = "gnu++20";
				CLANG_ENABLE_MODULES = YES;
				CLANG_ENABLE_OBJC_ARC = YES;
				CLANG_ENABLE_OBJC_WEAK = YES;
				CLANG_WARN_BLOCK_CAPTURE_AUTORELEASING = YES;
				CLANG_WARN_BOOL_CONVERSION = YES;
				CLANG_WARN_COMMA = YES;
				CLANG_WARN_CONSTANT_CONVERSION = YES;
				CLANG_WARN_DEPRECATED_OBJC_IMPLEMENTATIONS = YES;
				CLANG_WARN_DIRECT_OBJC_ISA_USAGE = YES_ERROR;
				CLANG_WARN_DOCUMENTATION_COMMENTS = YES;
				CLANG_WARN_EMPTY_BODY = YES;
				CLANG_WARN_ENUM_CONVERSION = YES;
				CLANG_WARN_INFINITE_RECURSION = YES;
				CLANG_WARN_INT_CONVERSION = YES;
				CLANG_WARN_NON_LITERAL_NULL_CONVERSION = YES;
				CLANG_WARN_OBJC_IMPLICIT_RETAIN_SELF = YES;
				CLANG_WARN_OBJC_LITERAL_CONVERSION = YES;
				CLANG_WARN_OBJC_ROOT_CLASS = YES_ERROR;
				CLANG_WARN_QUOTED_INCLUDE_IN_FRAMEWORK_HEADER = YES;
				CLANG_WARN_RANGE_LOOP_ANALYSIS = YES;
				CLANG_WARN_STRICT_PROTOTYPES = YES;
				CLANG_WARN_SUSPICIOUS_MOVE = YES;
				CLANG_WARN_UNGUARDED_AVAILABILITY = YES_AGGRESSIVE;
				CLANG_WARN_UNREACHABLE_CODE = YES;
				CLANG_WARN__DUPLICATE_METHOD_MATCH = YES;
				COPY_PHASE_STRIP = NO;
				DEBUG_INFORMATION_FORMAT = "dwarf-with-dsym";
				ENABLE_NS_ASSERTIONS = NO;
				ENABLE_STRICT_OBJC_MSGSEND = YES;
				GCC_C_LANGUAGE_STANDARD = gnu11;
				GCC_NO_COMMON_BLOCKS = YES;
				GCC_WARN_64_TO_32_BIT_CONVERSION = YES;
				GCC_WARN_ABOUT_RETURN_TYPE = YES_ERROR;
				GCC_WARN_UNDECLARED_SELECTOR = YES;
				GCC_WARN_UNINITIALIZED_AUTOS = YES_AGGRESSIVE;
				GCC_WARN_UNUSED_FUNCTION = YES;
				GCC_WARN_UNUSED_VARIABLE = YES;
				IPHONEOS_DEPLOYMENT_TARGET = 16.4;
				MTL_ENABLE_DEBUG_INFO = NO;
				MTL_FAST_MATH = YES;
				SDKROOT = iphoneos;
				SWIFT_COMPILATION_MODE = wholemodule;
				SWIFT_OPTIMIZATION_LEVEL = "-O";
				VALIDATE_PRODUCT = YES;
			};
			name = Release;
		};
		171AFEB229E4080000FBFC05 /* Debug */ = {
			isa = XCBuildConfiguration;
			buildSettings = {
				ASSETCATALOG_COMPILER_APPICON_NAME = AppIcon;
				ASSETCATALOG_COMPILER_GLOBAL_ACCENT_COLOR_NAME = AccentColor;
				CODE_SIGN_STYLE = Automatic;
				CURRENT_PROJECT_VERSION = 1;
				DEVELOPMENT_ASSET_PATHS = "\"PVCWindowsGenerator/Preview Content\"";
				DEVELOPMENT_TEAM = A238F2XKGT;
				ENABLE_PREVIEWS = YES;
				GENERATE_INFOPLIST_FILE = YES;
				INFOPLIST_KEY_UIApplicationSceneManifest_Generation = YES;
				INFOPLIST_KEY_UIApplicationSupportsIndirectInputEvents = YES;
				INFOPLIST_KEY_UILaunchScreen_Generation = YES;
				INFOPLIST_KEY_UISupportedInterfaceOrientations_iPad = "UIInterfaceOrientationPortrait UIInterfaceOrientationPortraitUpsideDown UIInterfaceOrientationLandscapeLeft UIInterfaceOrientationLandscapeRight";
				INFOPLIST_KEY_UISupportedInterfaceOrientations_iPhone = "UIInterfaceOrientationPortrait UIInterfaceOrientationLandscapeLeft UIInterfaceOrientationLandscapeRight";
				LD_RUNPATH_SEARCH_PATHS = (
					"$(inherited)",
					"@executable_path/Frameworks",
				);
				MARKETING_VERSION = 1.0;
				PRODUCT_BUNDLE_IDENTIFIER = com.alexbofu.PVCWindowsGenerator;
				PRODUCT_NAME = "$(TARGET_NAME)";
				SWIFT_EMIT_LOC_STRINGS = YES;
				SWIFT_VERSION = 5.0;
				TARGETED_DEVICE_FAMILY = "1,2";
			};
			name = Debug;
		};
		171AFEB329E4080000FBFC05 /* Release */ = {
			isa = XCBuildConfiguration;
			buildSettings = {
				ASSETCATALOG_COMPILER_APPICON_NAME = AppIcon;
				ASSETCATALOG_COMPILER_GLOBAL_ACCENT_COLOR_NAME = AccentColor;
				CODE_SIGN_STYLE = Automatic;
				CURRENT_PROJECT_VERSION = 1;
				DEVELOPMENT_ASSET_PATHS = "\"PVCWindowsGenerator/Preview Content\"";
				DEVELOPMENT_TEAM = A238F2XKGT;
				ENABLE_PREVIEWS = YES;
				GENERATE_INFOPLIST_FILE = YES;
				INFOPLIST_KEY_UIApplicationSceneManifest_Generation = YES;
				INFOPLIST_KEY_UIApplicationSupportsIndirectInputEvents = YES;
				INFOPLIST_KEY_UILaunchScreen_Generation = YES;
				INFOPLIST_KEY_UISupportedInterfaceOrientations_iPad = "UIInterfaceOrientationPortrait UIInterfaceOrientationPortraitUpsideDown UIInterfaceOrientationLandscapeLeft UIInterfaceOrientationLandscapeRight";
				INFOPLIST_KEY_UISupportedInterfaceOrientations_iPhone = "UIInterfaceOrientationPortrait UIInterfaceOrientationLandscapeLeft UIInterfaceOrientationLandscapeRight";
				LD_RUNPATH_SEARCH_PATHS = (
					"$(inherited)",
					"@executable_path/Frameworks",
				);
				MARKETING_VERSION = 1.0;
				PRODUCT_BUNDLE_IDENTIFIER = com.alexbofu.PVCWindowsGenerator;
				PRODUCT_NAME = "$(TARGET_NAME)";
				SWIFT_EMIT_LOC_STRINGS = YES;
				SWIFT_VERSION = 5.0;
				TARGETED_DEVICE_FAMILY = "1,2";
			};
			name = Release;
		};
		171AFEB529E4080000FBFC05 /* Debug */ = {
			isa = XCBuildConfiguration;
			buildSettings = {
				ALWAYS_EMBED_SWIFT_STANDARD_LIBRARIES = YES;
				BUNDLE_LOADER = "$(TEST_HOST)";
				CODE_SIGN_STYLE = Automatic;
				CURRENT_PROJECT_VERSION = 1;
				DEVELOPMENT_TEAM = A238F2XKGT;
				GENERATE_INFOPLIST_FILE = YES;
				IPHONEOS_DEPLOYMENT_TARGET = 16.4;
				MARKETING_VERSION = 1.0;
				PRODUCT_BUNDLE_IDENTIFIER = com.alexbofu.PVCWindowsGeneratorTests;
				PRODUCT_NAME = "$(TARGET_NAME)";
				SWIFT_EMIT_LOC_STRINGS = NO;
				SWIFT_VERSION = 5.0;
				TARGETED_DEVICE_FAMILY = "1,2";
				TEST_HOST = "$(BUILT_PRODUCTS_DIR)/PVCWindowsGenerator.app/$(BUNDLE_EXECUTABLE_FOLDER_PATH)/PVCWindowsGenerator";
			};
			name = Debug;
		};
		171AFEB629E4080000FBFC05 /* Release */ = {
			isa = XCBuildConfiguration;
			buildSettings = {
				ALWAYS_EMBED_SWIFT_STANDARD_LIBRARIES = YES;
				BUNDLE_LOADER = "$(TEST_HOST)";
				CODE_SIGN_STYLE = Automatic;
				CURRENT_PROJECT_VERSION = 1;
				DEVELOPMENT_TEAM = A238F2XKGT;
				GENERATE_INFOPLIST_FILE = YES;
				IPHONEOS_DEPLOYMENT_TARGET = 16.4;
				MARKETING_VERSION = 1.0;
				PRODUCT_BUNDLE_IDENTIFIER = com.alexbofu.PVCWindowsGeneratorTests;
				PRODUCT_NAME = "$(TARGET_NAME)";
				SWIFT_EMIT_LOC_STRINGS = NO;
				SWIFT_VERSION = 5.0;
				TARGETED_DEVICE_FAMILY = "1,2";
				TEST_HOST = "$(BUILT_PRODUCTS_DIR)/PVCWindowsGenerator.app/$(BUNDLE_EXECUTABLE_FOLDER_PATH)/PVCWindowsGenerator";
			};
			name = Release;
		};
		171AFEB829E4080000FBFC05 /* Debug */ = {
			isa = XCBuildConfiguration;
			buildSettings = {
				ALWAYS_EMBED_SWIFT_STANDARD_LIBRARIES = YES;
				CODE_SIGN_STYLE = Automatic;
				CURRENT_PROJECT_VERSION = 1;
				DEVELOPMENT_TEAM = A238F2XKGT;
				GENERATE_INFOPLIST_FILE = YES;
				MARKETING_VERSION = 1.0;
				PRODUCT_BUNDLE_IDENTIFIER = com.alexbofu.PVCWindowsGeneratorUITests;
				PRODUCT_NAME = "$(TARGET_NAME)";
				SWIFT_EMIT_LOC_STRINGS = NO;
				SWIFT_VERSION = 5.0;
				TARGETED_DEVICE_FAMILY = "1,2";
				TEST_TARGET_NAME = PVCWindowsGenerator;
			};
			name = Debug;
		};
		171AFEB929E4080000FBFC05 /* Release */ = {
			isa = XCBuildConfiguration;
			buildSettings = {
				ALWAYS_EMBED_SWIFT_STANDARD_LIBRARIES = YES;
				CODE_SIGN_STYLE = Automatic;
				CURRENT_PROJECT_VERSION = 1;
				DEVELOPMENT_TEAM = A238F2XKGT;
				GENERATE_INFOPLIST_FILE = YES;
				MARKETING_VERSION = 1.0;
				PRODUCT_BUNDLE_IDENTIFIER = com.alexbofu.PVCWindowsGeneratorUITests;
				PRODUCT_NAME = "$(TARGET_NAME)";
				SWIFT_EMIT_LOC_STRINGS = NO;
				SWIFT_VERSION = 5.0;
				TARGETED_DEVICE_FAMILY = "1,2";
				TEST_TARGET_NAME = PVCWindowsGenerator;
			};
			name = Release;
		};
/* End XCBuildConfiguration section */

/* Begin XCConfigurationList section */
		171AFE8829E407FE00FBFC05 /* Build configuration list for PBXProject "PVCWindowsGenerator" */ = {
			isa = XCConfigurationList;
			buildConfigurations = (
				171AFEAF29E4080000FBFC05 /* Debug */,
				171AFEB029E4080000FBFC05 /* Release */,
			);
			defaultConfigurationIsVisible = 0;
			defaultConfigurationName = Release;
		};
		171AFEB129E4080000FBFC05 /* Build configuration list for PBXNativeTarget "PVCWindowsGenerator" */ = {
			isa = XCConfigurationList;
			buildConfigurations = (
				171AFEB229E4080000FBFC05 /* Debug */,
				171AFEB329E4080000FBFC05 /* Release */,
			);
			defaultConfigurationIsVisible = 0;
			defaultConfigurationName = Release;
		};
		171AFEB429E4080000FBFC05 /* Build configuration list for PBXNativeTarget "PVCWindowsGeneratorTests" */ = {
			isa = XCConfigurationList;
			buildConfigurations = (
				171AFEB529E4080000FBFC05 /* Debug */,
				171AFEB629E4080000FBFC05 /* Release */,
			);
			defaultConfigurationIsVisible = 0;
			defaultConfigurationName = Release;
		};
		171AFEB729E4080000FBFC05 /* Build configuration list for PBXNativeTarget "PVCWindowsGeneratorUITests" */ = {
			isa = XCConfigurationList;
			buildConfigurations = (
				171AFEB829E4080000FBFC05 /* Debug */,
				171AFEB929E4080000FBFC05 /* Release */,
			);
			defaultConfigurationIsVisible = 0;
			defaultConfigurationName = Release;
		};
/* End XCConfigurationList section */
	};
	rootObject = 171AFE8529E407FE00FBFC05 /* Project object */;
}
